// !$*UTF8*$!
{
	archiveVersion = 1;
	classes = {
	};
	objectVersion = 46;
	objects = {

/* Begin PBXBuildFile section */
		1755BC0A18B4FC4A00CC2AB7 /* Foundation.framework in Frameworks */ = {isa = PBXBuildFile; fileRef = 1755BC0918B4FC4A00CC2AB7 /* Foundation.framework */; };
		1755BC0C18B4FC4A00CC2AB7 /* CoreGraphics.framework in Frameworks */ = {isa = PBXBuildFile; fileRef = 1755BC0B18B4FC4A00CC2AB7 /* CoreGraphics.framework */; };
		1755BC0E18B4FC4A00CC2AB7 /* UIKit.framework in Frameworks */ = {isa = PBXBuildFile; fileRef = 1755BC0D18B4FC4A00CC2AB7 /* UIKit.framework */; };
		1755BC1418B4FC4A00CC2AB7 /* InfoPlist.strings in Resources */ = {isa = PBXBuildFile; fileRef = 1755BC1218B4FC4A00CC2AB7 /* InfoPlist.strings */; };
		1755BC1618B4FC4A00CC2AB7 /* main.m in Sources */ = {isa = PBXBuildFile; fileRef = 1755BC1518B4FC4A00CC2AB7 /* main.m */; };
		1755BC1A18B4FC4A00CC2AB7 /* VSAppDelegate.m in Sources */ = {isa = PBXBuildFile; fileRef = 1755BC1918B4FC4A00CC2AB7 /* VSAppDelegate.m */; };
		1755BC1D18B4FC4A00CC2AB7 /* Main.storyboard in Resources */ = {isa = PBXBuildFile; fileRef = 1755BC1B18B4FC4A00CC2AB7 /* Main.storyboard */; };
		1755BC2918B4FC4A00CC2AB7 /* XCTest.framework in Frameworks */ = {isa = PBXBuildFile; fileRef = 1755BC2818B4FC4A00CC2AB7 /* XCTest.framework */; };
		1755BC2A18B4FC4A00CC2AB7 /* Foundation.framework in Frameworks */ = {isa = PBXBuildFile; fileRef = 1755BC0918B4FC4A00CC2AB7 /* Foundation.framework */; };
		1755BC2B18B4FC4A00CC2AB7 /* UIKit.framework in Frameworks */ = {isa = PBXBuildFile; fileRef = 1755BC0D18B4FC4A00CC2AB7 /* UIKit.framework */; };
		1755BC3318B4FC4A00CC2AB7 /* InfoPlist.strings in Resources */ = {isa = PBXBuildFile; fileRef = 1755BC3118B4FC4A00CC2AB7 /* InfoPlist.strings */; };
		1755BC3518B4FC4A00CC2AB7 /* VsearcherTests.m in Sources */ = {isa = PBXBuildFile; fileRef = 1755BC3418B4FC4A00CC2AB7 /* VsearcherTests.m */; };
		1755BC4118B4FD2700CC2AB7 /* VSObjectSearchList.m in Sources */ = {isa = PBXBuildFile; fileRef = 1755BC4018B4FD2700CC2AB7 /* VSObjectSearchList.m */; };
		1755BC4518B4FD4900CC2AB7 /* VSReleaseObject.m in Sources */ = {isa = PBXBuildFile; fileRef = 1755BC4418B4FD4900CC2AB7 /* VSReleaseObject.m */; };
		1755BC7F18B5F09600CC2AB7 /* ASIAuthenticationDialog.m in Sources */ = {isa = PBXBuildFile; fileRef = 1755BC4C18B5F09600CC2AB7 /* ASIAuthenticationDialog.m */; settings = {COMPILER_FLAGS = "-fno-objc-arc"; }; };
		1755BC8018B5F09600CC2AB7 /* ASIDataCompressor.m in Sources */ = {isa = PBXBuildFile; fileRef = 1755BC4F18B5F09600CC2AB7 /* ASIDataCompressor.m */; settings = {COMPILER_FLAGS = "-fno-objc-arc"; }; };
		1755BC8118B5F09600CC2AB7 /* ASIDataDecompressor.m in Sources */ = {isa = PBXBuildFile; fileRef = 1755BC5118B5F09600CC2AB7 /* ASIDataDecompressor.m */; settings = {COMPILER_FLAGS = "-fno-objc-arc"; }; };
		1755BC8218B5F09600CC2AB7 /* ASIDownloadCache.m in Sources */ = {isa = PBXBuildFile; fileRef = 1755BC5318B5F09600CC2AB7 /* ASIDownloadCache.m */; settings = {COMPILER_FLAGS = "-fno-objc-arc"; }; };
		1755BC8318B5F09600CC2AB7 /* ASIFormDataRequest.m in Sources */ = {isa = PBXBuildFile; fileRef = 1755BC5518B5F09600CC2AB7 /* ASIFormDataRequest.m */; settings = {COMPILER_FLAGS = "-fno-objc-arc"; }; };
		1755BC8418B5F09600CC2AB7 /* ASIHTTPRequest.m in Sources */ = {isa = PBXBuildFile; fileRef = 1755BC5718B5F09600CC2AB7 /* ASIHTTPRequest.m */; settings = {COMPILER_FLAGS = "-fno-objc-arc"; }; };
		1755BC8518B5F09600CC2AB7 /* ASIInputStream.m in Sources */ = {isa = PBXBuildFile; fileRef = 1755BC5B18B5F09600CC2AB7 /* ASIInputStream.m */; settings = {COMPILER_FLAGS = "-fno-objc-arc"; }; };
		1755BC8618B5F09600CC2AB7 /* ASINetworkQueue.m in Sources */ = {isa = PBXBuildFile; fileRef = 1755BC5D18B5F09600CC2AB7 /* ASINetworkQueue.m */; settings = {COMPILER_FLAGS = "-fno-objc-arc"; }; };
		1755BC9718B5F12800CC2AB7 /* Reachability.m in Sources */ = {isa = PBXBuildFile; fileRef = 1755BC9618B5F12800CC2AB7 /* Reachability.m */; settings = {COMPILER_FLAGS = "-fno-objc-arc"; }; };
		1755BC9918B5F22D00CC2AB7 /* libz.dylib in Frameworks */ = {isa = PBXBuildFile; fileRef = 1755BC9818B5F22D00CC2AB7 /* libz.dylib */; };
		1755BCAA18B62B7200CC2AB7 /* photo1.jpg in Resources */ = {isa = PBXBuildFile; fileRef = 1755BCA518B62B7200CC2AB7 /* photo1.jpg */; };
		1755BCAB18B62B7200CC2AB7 /* photo2.jpg in Resources */ = {isa = PBXBuildFile; fileRef = 1755BCA618B62B7200CC2AB7 /* photo2.jpg */; };
		1755BCAC18B62B7200CC2AB7 /* photo3.jpg in Resources */ = {isa = PBXBuildFile; fileRef = 1755BCA718B62B7200CC2AB7 /* photo3.jpg */; };
		1755BCAD18B62B7200CC2AB7 /* photo4.jpg in Resources */ = {isa = PBXBuildFile; fileRef = 1755BCA818B62B7200CC2AB7 /* photo4.jpg */; };
		1755BCAE18B62B7200CC2AB7 /* photo5.jpg in Resources */ = {isa = PBXBuildFile; fileRef = 1755BCA918B62B7200CC2AB7 /* photo5.jpg */; };
		E3716EE318B54FF6004A1238 /* VSCollectionViewController1.m in Sources */ = {isa = PBXBuildFile; fileRef = E3716EE018B54FF6004A1238 /* VSCollectionViewController1.m */; };
		E3716EE418B54FF6004A1238 /* VSCollectionViewController2.m in Sources */ = {isa = PBXBuildFile; fileRef = E3716EE218B54FF6004A1238 /* VSCollectionViewController2.m */; };
		E3716EEF18B56183004A1238 /* VSSearchCollectionViewCell.m in Sources */ = {isa = PBXBuildFile; fileRef = E3716EEE18B56183004A1238 /* VSSearchCollectionViewCell.m */; };
		E3716EF218B561B4004A1238 /* VSResultCollectionViewCell.m in Sources */ = {isa = PBXBuildFile; fileRef = E3716EF118B561B4004A1238 /* VSResultCollectionViewCell.m */; };
/* End PBXBuildFile section */

/* Begin PBXContainerItemProxy section */
		1755BC2C18B4FC4A00CC2AB7 /* PBXContainerItemProxy */ = {
			isa = PBXContainerItemProxy;
			containerPortal = 1755BBFE18B4FC4A00CC2AB7 /* Project object */;
			proxyType = 1;
			remoteGlobalIDString = 1755BC0518B4FC4A00CC2AB7;
			remoteInfo = Vsearcher;
		};
/* End PBXContainerItemProxy section */

/* Begin PBXFileReference section */
		1755BC0618B4FC4A00CC2AB7 /* Vsearcher.app */ = {isa = PBXFileReference; explicitFileType = wrapper.application; includeInIndex = 0; path = Vsearcher.app; sourceTree = BUILT_PRODUCTS_DIR; };
		1755BC0918B4FC4A00CC2AB7 /* Foundation.framework */ = {isa = PBXFileReference; lastKnownFileType = wrapper.framework; name = Foundation.framework; path = System/Library/Frameworks/Foundation.framework; sourceTree = SDKROOT; };
		1755BC0B18B4FC4A00CC2AB7 /* CoreGraphics.framework */ = {isa = PBXFileReference; lastKnownFileType = wrapper.framework; name = CoreGraphics.framework; path = System/Library/Frameworks/CoreGraphics.framework; sourceTree = SDKROOT; };
		1755BC0D18B4FC4A00CC2AB7 /* UIKit.framework */ = {isa = PBXFileReference; lastKnownFileType = wrapper.framework; name = UIKit.framework; path = System/Library/Frameworks/UIKit.framework; sourceTree = SDKROOT; };
		1755BC1118B4FC4A00CC2AB7 /* Vsearcher-Info.plist */ = {isa = PBXFileReference; lastKnownFileType = text.plist.xml; path = "Vsearcher-Info.plist"; sourceTree = "<group>"; };
		1755BC1318B4FC4A00CC2AB7 /* en */ = {isa = PBXFileReference; lastKnownFileType = text.plist.strings; name = en; path = en.lproj/InfoPlist.strings; sourceTree = "<group>"; };
		1755BC1518B4FC4A00CC2AB7 /* main.m */ = {isa = PBXFileReference; lastKnownFileType = sourcecode.c.objc; path = main.m; sourceTree = "<group>"; };
		1755BC1718B4FC4A00CC2AB7 /* Vsearcher-Prefix.pch */ = {isa = PBXFileReference; lastKnownFileType = sourcecode.c.h; path = "Vsearcher-Prefix.pch"; sourceTree = "<group>"; };
		1755BC1818B4FC4A00CC2AB7 /* VSAppDelegate.h */ = {isa = PBXFileReference; lastKnownFileType = sourcecode.c.h; path = VSAppDelegate.h; sourceTree = "<group>"; };
		1755BC1918B4FC4A00CC2AB7 /* VSAppDelegate.m */ = {isa = PBXFileReference; lastKnownFileType = sourcecode.c.objc; path = VSAppDelegate.m; sourceTree = "<group>"; };
		1755BC1C18B4FC4A00CC2AB7 /* Base */ = {isa = PBXFileReference; lastKnownFileType = file.storyboard; name = Base; path = Base.lproj/Main.storyboard; sourceTree = "<group>"; };
		1755BC2718B4FC4A00CC2AB7 /* VsearcherTests.xctest */ = {isa = PBXFileReference; explicitFileType = wrapper.cfbundle; includeInIndex = 0; path = VsearcherTests.xctest; sourceTree = BUILT_PRODUCTS_DIR; };
		1755BC2818B4FC4A00CC2AB7 /* XCTest.framework */ = {isa = PBXFileReference; lastKnownFileType = wrapper.framework; name = XCTest.framework; path = Library/Frameworks/XCTest.framework; sourceTree = DEVELOPER_DIR; };
		1755BC3018B4FC4A00CC2AB7 /* VsearcherTests-Info.plist */ = {isa = PBXFileReference; lastKnownFileType = text.plist.xml; path = "VsearcherTests-Info.plist"; sourceTree = "<group>"; };
		1755BC3218B4FC4A00CC2AB7 /* en */ = {isa = PBXFileReference; lastKnownFileType = text.plist.strings; name = en; path = en.lproj/InfoPlist.strings; sourceTree = "<group>"; };
		1755BC3418B4FC4A00CC2AB7 /* VsearcherTests.m */ = {isa = PBXFileReference; lastKnownFileType = sourcecode.c.objc; path = VsearcherTests.m; sourceTree = "<group>"; };
		1755BC3F18B4FD2700CC2AB7 /* VSObjectSearchList.h */ = {isa = PBXFileReference; fileEncoding = 4; lastKnownFileType = sourcecode.c.h; path = VSObjectSearchList.h; sourceTree = "<group>"; };
		1755BC4018B4FD2700CC2AB7 /* VSObjectSearchList.m */ = {isa = PBXFileReference; fileEncoding = 4; lastKnownFileType = sourcecode.c.objc; path = VSObjectSearchList.m; sourceTree = "<group>"; };
		1755BC4318B4FD4900CC2AB7 /* VSReleaseObject.h */ = {isa = PBXFileReference; fileEncoding = 4; lastKnownFileType = sourcecode.c.h; path = VSReleaseObject.h; sourceTree = "<group>"; };
		1755BC4418B4FD4900CC2AB7 /* VSReleaseObject.m */ = {isa = PBXFileReference; fileEncoding = 4; lastKnownFileType = sourcecode.c.objc; path = VSReleaseObject.m; sourceTree = "<group>"; };
		1755BC4B18B5F09600CC2AB7 /* ASIAuthenticationDialog.h */ = {isa = PBXFileReference; fileEncoding = 4; lastKnownFileType = sourcecode.c.h; path = ASIAuthenticationDialog.h; sourceTree = "<group>"; };
		1755BC4C18B5F09600CC2AB7 /* ASIAuthenticationDialog.m */ = {isa = PBXFileReference; fileEncoding = 4; lastKnownFileType = sourcecode.c.objc; path = ASIAuthenticationDialog.m; sourceTree = "<group>"; };
		1755BC4D18B5F09600CC2AB7 /* ASICacheDelegate.h */ = {isa = PBXFileReference; fileEncoding = 4; lastKnownFileType = sourcecode.c.h; path = ASICacheDelegate.h; sourceTree = "<group>"; };
		1755BC4E18B5F09600CC2AB7 /* ASIDataCompressor.h */ = {isa = PBXFileReference; fileEncoding = 4; lastKnownFileType = sourcecode.c.h; path = ASIDataCompressor.h; sourceTree = "<group>"; };
		1755BC4F18B5F09600CC2AB7 /* ASIDataCompressor.m */ = {isa = PBXFileReference; fileEncoding = 4; lastKnownFileType = sourcecode.c.objc; path = ASIDataCompressor.m; sourceTree = "<group>"; };
		1755BC5018B5F09600CC2AB7 /* ASIDataDecompressor.h */ = {isa = PBXFileReference; fileEncoding = 4; lastKnownFileType = sourcecode.c.h; path = ASIDataDecompressor.h; sourceTree = "<group>"; };
		1755BC5118B5F09600CC2AB7 /* ASIDataDecompressor.m */ = {isa = PBXFileReference; fileEncoding = 4; lastKnownFileType = sourcecode.c.objc; path = ASIDataDecompressor.m; sourceTree = "<group>"; };
		1755BC5218B5F09600CC2AB7 /* ASIDownloadCache.h */ = {isa = PBXFileReference; fileEncoding = 4; lastKnownFileType = sourcecode.c.h; path = ASIDownloadCache.h; sourceTree = "<group>"; };
		1755BC5318B5F09600CC2AB7 /* ASIDownloadCache.m */ = {isa = PBXFileReference; fileEncoding = 4; lastKnownFileType = sourcecode.c.objc; path = ASIDownloadCache.m; sourceTree = "<group>"; };
		1755BC5418B5F09600CC2AB7 /* ASIFormDataRequest.h */ = {isa = PBXFileReference; fileEncoding = 4; lastKnownFileType = sourcecode.c.h; path = ASIFormDataRequest.h; sourceTree = "<group>"; };
		1755BC5518B5F09600CC2AB7 /* ASIFormDataRequest.m */ = {isa = PBXFileReference; fileEncoding = 4; lastKnownFileType = sourcecode.c.objc; path = ASIFormDataRequest.m; sourceTree = "<group>"; };
		1755BC5618B5F09600CC2AB7 /* ASIHTTPRequest.h */ = {isa = PBXFileReference; fileEncoding = 4; lastKnownFileType = sourcecode.c.h; path = ASIHTTPRequest.h; sourceTree = "<group>"; };
		1755BC5718B5F09600CC2AB7 /* ASIHTTPRequest.m */ = {isa = PBXFileReference; fileEncoding = 4; lastKnownFileType = sourcecode.c.objc; path = ASIHTTPRequest.m; sourceTree = "<group>"; };
		1755BC5818B5F09600CC2AB7 /* ASIHTTPRequestConfig.h */ = {isa = PBXFileReference; fileEncoding = 4; lastKnownFileType = sourcecode.c.h; path = ASIHTTPRequestConfig.h; sourceTree = "<group>"; };
		1755BC5918B5F09600CC2AB7 /* ASIHTTPRequestDelegate.h */ = {isa = PBXFileReference; fileEncoding = 4; lastKnownFileType = sourcecode.c.h; path = ASIHTTPRequestDelegate.h; sourceTree = "<group>"; };
		1755BC5A18B5F09600CC2AB7 /* ASIInputStream.h */ = {isa = PBXFileReference; fileEncoding = 4; lastKnownFileType = sourcecode.c.h; path = ASIInputStream.h; sourceTree = "<group>"; };
		1755BC5B18B5F09600CC2AB7 /* ASIInputStream.m */ = {isa = PBXFileReference; fileEncoding = 4; lastKnownFileType = sourcecode.c.objc; path = ASIInputStream.m; sourceTree = "<group>"; };
		1755BC5C18B5F09600CC2AB7 /* ASINetworkQueue.h */ = {isa = PBXFileReference; fileEncoding = 4; lastKnownFileType = sourcecode.c.h; path = ASINetworkQueue.h; sourceTree = "<group>"; };
		1755BC5D18B5F09600CC2AB7 /* ASINetworkQueue.m */ = {isa = PBXFileReference; fileEncoding = 4; lastKnownFileType = sourcecode.c.objc; path = ASINetworkQueue.m; sourceTree = "<group>"; };
		1755BC5E18B5F09600CC2AB7 /* ASIProgressDelegate.h */ = {isa = PBXFileReference; fileEncoding = 4; lastKnownFileType = sourcecode.c.h; path = ASIProgressDelegate.h; sourceTree = "<group>"; };
		1755BC9518B5F12800CC2AB7 /* Reachability.h */ = {isa = PBXFileReference; fileEncoding = 4; lastKnownFileType = sourcecode.c.h; path = Reachability.h; sourceTree = "<group>"; };
		1755BC9618B5F12800CC2AB7 /* Reachability.m */ = {isa = PBXFileReference; fileEncoding = 4; lastKnownFileType = sourcecode.c.objc; path = Reachability.m; sourceTree = "<group>"; };
		1755BC9818B5F22D00CC2AB7 /* libz.dylib */ = {isa = PBXFileReference; lastKnownFileType = "compiled.mach-o.dylib"; name = libz.dylib; path = usr/lib/libz.dylib; sourceTree = SDKROOT; };
		1755BCA518B62B7200CC2AB7 /* photo1.jpg */ = {isa = PBXFileReference; lastKnownFileType = image.jpeg; path = photo1.jpg; sourceTree = "<group>"; };
		1755BCA618B62B7200CC2AB7 /* photo2.jpg */ = {isa = PBXFileReference; lastKnownFileType = image.jpeg; path = photo2.jpg; sourceTree = "<group>"; };
		1755BCA718B62B7200CC2AB7 /* photo3.jpg */ = {isa = PBXFileReference; lastKnownFileType = image.jpeg; path = photo3.jpg; sourceTree = "<group>"; };
		1755BCA818B62B7200CC2AB7 /* photo4.jpg */ = {isa = PBXFileReference; lastKnownFileType = image.jpeg; path = photo4.jpg; sourceTree = "<group>"; };
		1755BCA918B62B7200CC2AB7 /* photo5.jpg */ = {isa = PBXFileReference; lastKnownFileType = image.jpeg; path = photo5.jpg; sourceTree = "<group>"; };
		E3716EDF18B54FF6004A1238 /* VSCollectionViewController1.h */ = {isa = PBXFileReference; fileEncoding = 4; lastKnownFileType = sourcecode.c.h; path = VSCollectionViewController1.h; sourceTree = "<group>"; };
		E3716EE018B54FF6004A1238 /* VSCollectionViewController1.m */ = {isa = PBXFileReference; fileEncoding = 4; lastKnownFileType = sourcecode.c.objc; path = VSCollectionViewController1.m; sourceTree = "<group>"; };
		E3716EE118B54FF6004A1238 /* VSCollectionViewController2.h */ = {isa = PBXFileReference; fileEncoding = 4; lastKnownFileType = sourcecode.c.h; path = VSCollectionViewController2.h; sourceTree = "<group>"; };
		E3716EE218B54FF6004A1238 /* VSCollectionViewController2.m */ = {isa = PBXFileReference; fileEncoding = 4; lastKnownFileType = sourcecode.c.objc; path = VSCollectionViewController2.m; sourceTree = "<group>"; };
		E3716EED18B56183004A1238 /* VSSearchCollectionViewCell.h */ = {isa = PBXFileReference; fileEncoding = 4; lastKnownFileType = sourcecode.c.h; path = VSSearchCollectionViewCell.h; sourceTree = "<group>"; };
		E3716EEE18B56183004A1238 /* VSSearchCollectionViewCell.m */ = {isa = PBXFileReference; fileEncoding = 4; lastKnownFileType = sourcecode.c.objc; path = VSSearchCollectionViewCell.m; sourceTree = "<group>"; };
		E3716EF018B561B4004A1238 /* VSResultCollectionViewCell.h */ = {isa = PBXFileReference; fileEncoding = 4; lastKnownFileType = sourcecode.c.h; path = VSResultCollectionViewCell.h; sourceTree = "<group>"; };
		E3716EF118B561B4004A1238 /* VSResultCollectionViewCell.m */ = {isa = PBXFileReference; fileEncoding = 4; lastKnownFileType = sourcecode.c.objc; path = VSResultCollectionViewCell.m; sourceTree = "<group>"; };
/* End PBXFileReference section */

/* Begin PBXFrameworksBuildPhase section */
		1755BC0318B4FC4A00CC2AB7 /* Frameworks */ = {
			isa = PBXFrameworksBuildPhase;
			buildActionMask = 2147483647;
			files = (
				1755BC9918B5F22D00CC2AB7 /* libz.dylib in Frameworks */,
				1755BC0C18B4FC4A00CC2AB7 /* CoreGraphics.framework in Frameworks */,
				1755BC0E18B4FC4A00CC2AB7 /* UIKit.framework in Frameworks */,
				1755BC0A18B4FC4A00CC2AB7 /* Foundation.framework in Frameworks */,
			);
			runOnlyForDeploymentPostprocessing = 0;
		};
		1755BC2418B4FC4A00CC2AB7 /* Frameworks */ = {
			isa = PBXFrameworksBuildPhase;
			buildActionMask = 2147483647;
			files = (
				1755BC2918B4FC4A00CC2AB7 /* XCTest.framework in Frameworks */,
				1755BC2B18B4FC4A00CC2AB7 /* UIKit.framework in Frameworks */,
				1755BC2A18B4FC4A00CC2AB7 /* Foundation.framework in Frameworks */,
			);
			runOnlyForDeploymentPostprocessing = 0;
		};
/* End PBXFrameworksBuildPhase section */

/* Begin PBXGroup section */
		1755BBFD18B4FC4A00CC2AB7 = {
			isa = PBXGroup;
			children = (
				1755BC0F18B4FC4A00CC2AB7 /* Vsearcher */,
				1755BC2E18B4FC4A00CC2AB7 /* VsearcherTests */,
				1755BC0818B4FC4A00CC2AB7 /* Frameworks */,
				1755BC0718B4FC4A00CC2AB7 /* Products */,
			);
			sourceTree = "<group>";
		};
		1755BC0718B4FC4A00CC2AB7 /* Products */ = {
			isa = PBXGroup;
			children = (
				1755BC0618B4FC4A00CC2AB7 /* Vsearcher.app */,
				1755BC2718B4FC4A00CC2AB7 /* VsearcherTests.xctest */,
			);
			name = Products;
			sourceTree = "<group>";
		};
		1755BC0818B4FC4A00CC2AB7 /* Frameworks */ = {
			isa = PBXGroup;
			children = (
				1755BC9818B5F22D00CC2AB7 /* libz.dylib */,
				1755BC0918B4FC4A00CC2AB7 /* Foundation.framework */,
				1755BC0B18B4FC4A00CC2AB7 /* CoreGraphics.framework */,
				1755BC0D18B4FC4A00CC2AB7 /* UIKit.framework */,
				1755BC2818B4FC4A00CC2AB7 /* XCTest.framework */,
			);
			name = Frameworks;
			sourceTree = "<group>";
		};
		1755BC0F18B4FC4A00CC2AB7 /* Vsearcher */ = {
			isa = PBXGroup;
			children = (
				1755BC9A18B62B5800CC2AB7 /* IMAGES */,
				1755BC1818B4FC4A00CC2AB7 /* VSAppDelegate.h */,
				1755BC1918B4FC4A00CC2AB7 /* VSAppDelegate.m */,
				1755BC1B18B4FC4A00CC2AB7 /* Main.storyboard */,
				E3716EE618B55CCB004A1238 /* VSCollectionView */,
				1755BC4918B5F06100CC2AB7 /* LIB */,
				1755BC3E18B4FD0500CC2AB7 /* VSObject */,
				1755BC1018B4FC4A00CC2AB7 /* Supporting Files */,
			);
			path = Vsearcher;
			sourceTree = "<group>";
		};
		1755BC1018B4FC4A00CC2AB7 /* Supporting Files */ = {
			isa = PBXGroup;
			children = (
				1755BC1118B4FC4A00CC2AB7 /* Vsearcher-Info.plist */,
				1755BC1218B4FC4A00CC2AB7 /* InfoPlist.strings */,
				1755BC1518B4FC4A00CC2AB7 /* main.m */,
				1755BC1718B4FC4A00CC2AB7 /* Vsearcher-Prefix.pch */,
			);
			name = "Supporting Files";
			sourceTree = "<group>";
		};
		1755BC2E18B4FC4A00CC2AB7 /* VsearcherTests */ = {
			isa = PBXGroup;
			children = (
				1755BC3418B4FC4A00CC2AB7 /* VsearcherTests.m */,
				1755BC2F18B4FC4A00CC2AB7 /* Supporting Files */,
			);
			path = VsearcherTests;
			sourceTree = "<group>";
		};
		1755BC2F18B4FC4A00CC2AB7 /* Supporting Files */ = {
			isa = PBXGroup;
			children = (
				1755BC3018B4FC4A00CC2AB7 /* VsearcherTests-Info.plist */,
				1755BC3118B4FC4A00CC2AB7 /* InfoPlist.strings */,
			);
			name = "Supporting Files";
			sourceTree = "<group>";
		};
		1755BC3E18B4FD0500CC2AB7 /* VSObject */ = {
			isa = PBXGroup;
			children = (
				1755BC3F18B4FD2700CC2AB7 /* VSObjectSearchList.h */,
				1755BC4018B4FD2700CC2AB7 /* VSObjectSearchList.m */,
				1755BC4218B4FD2D00CC2AB7 /* VSReleaseObject */,
			);
			name = VSObject;
			sourceTree = "<group>";
		};
		1755BC4218B4FD2D00CC2AB7 /* VSReleaseObject */ = {
			isa = PBXGroup;
			children = (
				1755BC4318B4FD4900CC2AB7 /* VSReleaseObject.h */,
				1755BC4418B4FD4900CC2AB7 /* VSReleaseObject.m */,
			);
			name = VSReleaseObject;
			sourceTree = "<group>";
		};
		1755BC4918B5F06100CC2AB7 /* LIB */ = {
			isa = PBXGroup;
			children = (
				1755BC9518B5F12800CC2AB7 /* Reachability.h */,
				1755BC9618B5F12800CC2AB7 /* Reachability.m */,
				1755BC4A18B5F09600CC2AB7 /* ASIHTTPRequest */,
			);
			name = LIB;
			sourceTree = "<group>";
		};
		1755BC4A18B5F09600CC2AB7 /* ASIHTTPRequest */ = {
			isa = PBXGroup;
			children = (
				1755BC4B18B5F09600CC2AB7 /* ASIAuthenticationDialog.h */,
				1755BC4C18B5F09600CC2AB7 /* ASIAuthenticationDialog.m */,
				1755BC4D18B5F09600CC2AB7 /* ASICacheDelegate.h */,
				1755BC4E18B5F09600CC2AB7 /* ASIDataCompressor.h */,
				1755BC4F18B5F09600CC2AB7 /* ASIDataCompressor.m */,
				1755BC5018B5F09600CC2AB7 /* ASIDataDecompressor.h */,
				1755BC5118B5F09600CC2AB7 /* ASIDataDecompressor.m */,
				1755BC5218B5F09600CC2AB7 /* ASIDownloadCache.h */,
				1755BC5318B5F09600CC2AB7 /* ASIDownloadCache.m */,
				1755BC5418B5F09600CC2AB7 /* ASIFormDataRequest.h */,
				1755BC5518B5F09600CC2AB7 /* ASIFormDataRequest.m */,
				1755BC5618B5F09600CC2AB7 /* ASIHTTPRequest.h */,
				1755BC5718B5F09600CC2AB7 /* ASIHTTPRequest.m */,
				1755BC5818B5F09600CC2AB7 /* ASIHTTPRequestConfig.h */,
				1755BC5918B5F09600CC2AB7 /* ASIHTTPRequestDelegate.h */,
				1755BC5A18B5F09600CC2AB7 /* ASIInputStream.h */,
				1755BC5B18B5F09600CC2AB7 /* ASIInputStream.m */,
				1755BC5C18B5F09600CC2AB7 /* ASINetworkQueue.h */,
				1755BC5D18B5F09600CC2AB7 /* ASINetworkQueue.m */,
				1755BC5E18B5F09600CC2AB7 /* ASIProgressDelegate.h */,
			);
			path = ASIHTTPRequest;
			sourceTree = "<group>";
		};
		1755BC9A18B62B5800CC2AB7 /* IMAGES */ = {
			isa = PBXGroup;
			children = (
				1755BCA518B62B7200CC2AB7 /* photo1.jpg */,
				1755BCA618B62B7200CC2AB7 /* photo2.jpg */,
				1755BCA718B62B7200CC2AB7 /* photo3.jpg */,
				1755BCA818B62B7200CC2AB7 /* photo4.jpg */,
				1755BCA918B62B7200CC2AB7 /* photo5.jpg */,
			);
			name = IMAGES;
			sourceTree = "<group>";
		};
		E3716EE618B55CCB004A1238 /* VSCollectionView */ = {
			isa = PBXGroup;
			children = (
				E3716EDF18B54FF6004A1238 /* VSCollectionViewController1.h */,
				E3716EE018B54FF6004A1238 /* VSCollectionViewController1.m */,
				E3716EE118B54FF6004A1238 /* VSCollectionViewController2.h */,
				E3716EE218B54FF6004A1238 /* VSCollectionViewController2.m */,
				E3716EED18B56183004A1238 /* VSSearchCollectionViewCell.h */,
				E3716EEE18B56183004A1238 /* VSSearchCollectionViewCell.m */,
				E3716EF018B561B4004A1238 /* VSResultCollectionViewCell.h */,
				E3716EF118B561B4004A1238 /* VSResultCollectionViewCell.m */,
			);
			name = VSCollectionView;
			sourceTree = "<group>";
		};
/* End PBXGroup section */

/* Begin PBXNativeTarget section */
		1755BC0518B4FC4A00CC2AB7 /* Vsearcher */ = {
			isa = PBXNativeTarget;
			buildConfigurationList = 1755BC3818B4FC4A00CC2AB7 /* Build configuration list for PBXNativeTarget "Vsearcher" */;
			buildPhases = (
				1755BC0218B4FC4A00CC2AB7 /* Sources */,
				1755BC0318B4FC4A00CC2AB7 /* Frameworks */,
				1755BC0418B4FC4A00CC2AB7 /* Resources */,
			);
			buildRules = (
			);
			dependencies = (
			);
			name = Vsearcher;
			productName = Vsearcher;
			productReference = 1755BC0618B4FC4A00CC2AB7 /* Vsearcher.app */;
			productType = "com.apple.product-type.application";
		};
		1755BC2618B4FC4A00CC2AB7 /* VsearcherTests */ = {
			isa = PBXNativeTarget;
			buildConfigurationList = 1755BC3B18B4FC4A00CC2AB7 /* Build configuration list for PBXNativeTarget "VsearcherTests" */;
			buildPhases = (
				1755BC2318B4FC4A00CC2AB7 /* Sources */,
				1755BC2418B4FC4A00CC2AB7 /* Frameworks */,
				1755BC2518B4FC4A00CC2AB7 /* Resources */,
			);
			buildRules = (
			);
			dependencies = (
				1755BC2D18B4FC4A00CC2AB7 /* PBXTargetDependency */,
			);
			name = VsearcherTests;
			productName = VsearcherTests;
			productReference = 1755BC2718B4FC4A00CC2AB7 /* VsearcherTests.xctest */;
			productType = "com.apple.product-type.bundle.unit-test";
		};
/* End PBXNativeTarget section */

/* Begin PBXProject section */
		1755BBFE18B4FC4A00CC2AB7 /* Project object */ = {
			isa = PBXProject;
			attributes = {
				CLASSPREFIX = VS;
				LastUpgradeCheck = 0500;
				ORGANIZATIONNAME = "EMSE ES";
				TargetAttributes = {
					1755BC2618B4FC4A00CC2AB7 = {
						TestTargetID = 1755BC0518B4FC4A00CC2AB7;
					};
				};
			};
			buildConfigurationList = 1755BC0118B4FC4A00CC2AB7 /* Build configuration list for PBXProject "Vsearcher" */;
			compatibilityVersion = "Xcode 3.2";
			developmentRegion = English;
			hasScannedForEncodings = 0;
			knownRegions = (
				en,
				Base,
			);
			mainGroup = 1755BBFD18B4FC4A00CC2AB7;
			productRefGroup = 1755BC0718B4FC4A00CC2AB7 /* Products */;
			projectDirPath = "";
			projectRoot = "";
			targets = (
				1755BC0518B4FC4A00CC2AB7 /* Vsearcher */,
				1755BC2618B4FC4A00CC2AB7 /* VsearcherTests */,
			);
		};
/* End PBXProject section */

/* Begin PBXResourcesBuildPhase section */
		1755BC0418B4FC4A00CC2AB7 /* Resources */ = {
			isa = PBXResourcesBuildPhase;
			buildActionMask = 2147483647;
			files = (
				1755BCAC18B62B7200CC2AB7 /* photo3.jpg in Resources */,
				1755BC1418B4FC4A00CC2AB7 /* InfoPlist.strings in Resources */,
				1755BCAB18B62B7200CC2AB7 /* photo2.jpg in Resources */,
				1755BC1D18B4FC4A00CC2AB7 /* Main.storyboard in Resources */,
				1755BCAA18B62B7200CC2AB7 /* photo1.jpg in Resources */,
				1755BCAD18B62B7200CC2AB7 /* photo4.jpg in Resources */,
				1755BCAE18B62B7200CC2AB7 /* photo5.jpg in Resources */,
			);
			runOnlyForDeploymentPostprocessing = 0;
		};
		1755BC2518B4FC4A00CC2AB7 /* Resources */ = {
			isa = PBXResourcesBuildPhase;
			buildActionMask = 2147483647;
			files = (
				1755BC3318B4FC4A00CC2AB7 /* InfoPlist.strings in Resources */,
			);
			runOnlyForDeploymentPostprocessing = 0;
		};
/* End PBXResourcesBuildPhase section */

/* Begin PBXSourcesBuildPhase section */
		1755BC0218B4FC4A00CC2AB7 /* Sources */ = {
			isa = PBXSourcesBuildPhase;
			buildActionMask = 2147483647;
			files = (
				1755BC4518B4FD4900CC2AB7 /* VSReleaseObject.m in Sources */,
				1755BC8418B5F09600CC2AB7 /* ASIHTTPRequest.m in Sources */,
				1755BC4118B4FD2700CC2AB7 /* VSObjectSearchList.m in Sources */,
				1755BC8518B5F09600CC2AB7 /* ASIInputStream.m in Sources */,
				E3716EF218B561B4004A1238 /* VSResultCollectionViewCell.m in Sources */,
				E3716EE318B54FF6004A1238 /* VSCollectionViewController1.m in Sources */,
				1755BC8118B5F09600CC2AB7 /* ASIDataDecompressor.m in Sources */,
				E3716EE418B54FF6004A1238 /* VSCollectionViewController2.m in Sources */,
				1755BC8318B5F09600CC2AB7 /* ASIFormDataRequest.m in Sources */,
				E3716EEF18B56183004A1238 /* VSSearchCollectionViewCell.m in Sources */,
				1755BC7F18B5F09600CC2AB7 /* ASIAuthenticationDialog.m in Sources */,
				1755BC8018B5F09600CC2AB7 /* ASIDataCompressor.m in Sources */,
				1755BC1618B4FC4A00CC2AB7 /* main.m in Sources */,
				1755BC8218B5F09600CC2AB7 /* ASIDownloadCache.m in Sources */,
				1755BC8618B5F09600CC2AB7 /* ASINetworkQueue.m in Sources */,
				1755BC9718B5F12800CC2AB7 /* Reachability.m in Sources */,
				1755BC1A18B4FC4A00CC2AB7 /* VSAppDelegate.m in Sources */,
			);
			runOnlyForDeploymentPostprocessing = 0;
		};
		1755BC2318B4FC4A00CC2AB7 /* Sources */ = {
			isa = PBXSourcesBuildPhase;
			buildActionMask = 2147483647;
			files = (
				1755BC3518B4FC4A00CC2AB7 /* VsearcherTests.m in Sources */,
			);
			runOnlyForDeploymentPostprocessing = 0;
		};
/* End PBXSourcesBuildPhase section */

/* Begin PBXTargetDependency section */
		1755BC2D18B4FC4A00CC2AB7 /* PBXTargetDependency */ = {
			isa = PBXTargetDependency;
			target = 1755BC0518B4FC4A00CC2AB7 /* Vsearcher */;
			targetProxy = 1755BC2C18B4FC4A00CC2AB7 /* PBXContainerItemProxy */;
		};
/* End PBXTargetDependency section */

/* Begin PBXVariantGroup section */
		1755BC1218B4FC4A00CC2AB7 /* InfoPlist.strings */ = {
			isa = PBXVariantGroup;
			children = (
				1755BC1318B4FC4A00CC2AB7 /* en */,
			);
			name = InfoPlist.strings;
			sourceTree = "<group>";
		};
		1755BC1B18B4FC4A00CC2AB7 /* Main.storyboard */ = {
			isa = PBXVariantGroup;
			children = (
				1755BC1C18B4FC4A00CC2AB7 /* Base */,
			);
			name = Main.storyboard;
			sourceTree = "<group>";
		};
		1755BC3118B4FC4A00CC2AB7 /* InfoPlist.strings */ = {
			isa = PBXVariantGroup;
			children = (
				1755BC3218B4FC4A00CC2AB7 /* en */,
			);
			name = InfoPlist.strings;
			sourceTree = "<group>";
		};
/* End PBXVariantGroup section */

/* Begin XCBuildConfiguration section */
		1755BC3618B4FC4A00CC2AB7 /* Debug */ = {
			isa = XCBuildConfiguration;
			buildSettings = {
				ALWAYS_SEARCH_USER_PATHS = NO;
				ARCHS = "$(ARCHS_STANDARD_INCLUDING_64_BIT)";
				CLANG_CXX_LANGUAGE_STANDARD = "gnu++0x";
				CLANG_CXX_LIBRARY = "libc++";
				CLANG_ENABLE_MODULES = YES;
				CLANG_ENABLE_OBJC_ARC = YES;
				CLANG_WARN_BOOL_CONVERSION = YES;
				CLANG_WARN_CONSTANT_CONVERSION = YES;
				CLANG_WARN_DIRECT_OBJC_ISA_USAGE = YES_ERROR;
				CLANG_WARN_EMPTY_BODY = YES;
				CLANG_WARN_ENUM_CONVERSION = YES;
				CLANG_WARN_INT_CONVERSION = YES;
				CLANG_WARN_OBJC_ROOT_CLASS = YES_ERROR;
				CLANG_WARN__DUPLICATE_METHOD_MATCH = YES;
				"CODE_SIGN_IDENTITY[sdk=iphoneos*]" = "iPhone Developer";
				COPY_PHASE_STRIP = NO;
				GCC_C_LANGUAGE_STANDARD = gnu99;
				GCC_DYNAMIC_NO_PIC = NO;
				GCC_OPTIMIZATION_LEVEL = 0;
				GCC_PREPROCESSOR_DEFINITIONS = (
					"DEBUG=1",
					"$(inherited)",
				);
				GCC_SYMBOLS_PRIVATE_EXTERN = NO;
				GCC_WARN_64_TO_32_BIT_CONVERSION = YES;
				GCC_WARN_ABOUT_RETURN_TYPE = YES_ERROR;
				GCC_WARN_UNDECLARED_SELECTOR = YES;
				GCC_WARN_UNINITIALIZED_AUTOS = YES;
				GCC_WARN_UNUSED_FUNCTION = YES;
				GCC_WARN_UNUSED_VARIABLE = YES;
				IPHONEOS_DEPLOYMENT_TARGET = 7.0;
				ONLY_ACTIVE_ARCH = YES;
				SDKROOT = iphoneos;
			};
			name = Debug;
		};
		1755BC3718B4FC4A00CC2AB7 /* Release */ = {
			isa = XCBuildConfiguration;
			buildSettings = {
				ALWAYS_SEARCH_USER_PATHS = NO;
				ARCHS = "$(ARCHS_STANDARD_INCLUDING_64_BIT)";
				CLANG_CXX_LANGUAGE_STANDARD = "gnu++0x";
				CLANG_CXX_LIBRARY = "libc++";
				CLANG_ENABLE_MODULES = YES;
				CLANG_ENABLE_OBJC_ARC = YES;
				CLANG_WARN_BOOL_CONVERSION = YES;
				CLANG_WARN_CONSTANT_CONVERSION = YES;
				CLANG_WARN_DIRECT_OBJC_ISA_USAGE = YES_ERROR;
				CLANG_WARN_EMPTY_BODY = YES;
				CLANG_WARN_ENUM_CONVERSION = YES;
				CLANG_WARN_INT_CONVERSION = YES;
				CLANG_WARN_OBJC_ROOT_CLASS = YES_ERROR;
				CLANG_WARN__DUPLICATE_METHOD_MATCH = YES;
				"CODE_SIGN_IDENTITY[sdk=iphoneos*]" = "iPhone Developer";
				COPY_PHASE_STRIP = YES;
				ENABLE_NS_ASSERTIONS = NO;
				GCC_C_LANGUAGE_STANDARD = gnu99;
				GCC_WARN_64_TO_32_BIT_CONVERSION = YES;
				GCC_WARN_ABOUT_RETURN_TYPE = YES_ERROR;
				GCC_WARN_UNDECLARED_SELECTOR = YES;
				GCC_WARN_UNINITIALIZED_AUTOS = YES;
				GCC_WARN_UNUSED_FUNCTION = YES;
				GCC_WARN_UNUSED_VARIABLE = YES;
				IPHONEOS_DEPLOYMENT_TARGET = 7.0;
				SDKROOT = iphoneos;
				VALIDATE_PRODUCT = YES;
			};
			name = Release;
		};
		1755BC3918B4FC4A00CC2AB7 /* Debug */ = {
			isa = XCBuildConfiguration;
			buildSettings = {
				ASSETCATALOG_COMPILER_APPICON_NAME = AppIcon;
				ASSETCATALOG_COMPILER_LAUNCHIMAGE_NAME = LaunchImage;
				CODE_SIGN_IDENTITY = "iPhone Developer";
				GCC_PRECOMPILE_PREFIX_HEADER = YES;
				GCC_PREFIX_HEADER = "Vsearcher/Vsearcher-Prefix.pch";
				INFOPLIST_FILE = "Vsearcher/Vsearcher-Info.plist";
				PRODUCT_NAME = "$(TARGET_NAME)";
				TARGETED_DEVICE_FAMILY = 1;
				WRAPPER_EXTENSION = app;
			};
			name = Debug;
		};
		1755BC3A18B4FC4A00CC2AB7 /* Release */ = {
			isa = XCBuildConfiguration;
			buildSettings = {
				ASSETCATALOG_COMPILER_APPICON_NAME = AppIcon;
				ASSETCATALOG_COMPILER_LAUNCHIMAGE_NAME = LaunchImage;
				CODE_SIGN_IDENTITY = "iPhone Developer";
				GCC_PRECOMPILE_PREFIX_HEADER = YES;
				GCC_PREFIX_HEADER = "Vsearcher/Vsearcher-Prefix.pch";
				INFOPLIST_FILE = "Vsearcher/Vsearcher-Info.plist";
				PRODUCT_NAME = "$(TARGET_NAME)";
				TARGETED_DEVICE_FAMILY = 1;
				WRAPPER_EXTENSION = app;
			};
			name = Release;
		};
		1755BC3C18B4FC4A00CC2AB7 /* Debug */ = {
			isa = XCBuildConfiguration;
			buildSettings = {
				ARCHS = "$(ARCHS_STANDARD_INCLUDING_64_BIT)";
				BUNDLE_LOADER = "$(BUILT_PRODUCTS_DIR)/Vsearcher.app/Vsearcher";
				FRAMEWORK_SEARCH_PATHS = (
					"$(SDKROOT)/Developer/Library/Frameworks",
					"$(inherited)",
					"$(DEVELOPER_FRAMEWORKS_DIR)",
				);
				GCC_PRECOMPILE_PREFIX_HEADER = YES;
				GCC_PREFIX_HEADER = "Vsearcher/Vsearcher-Prefix.pch";
				GCC_PREPROCESSOR_DEFINITIONS = (
					"DEBUG=1",
					"$(inherited)",
				);
				INFOPLIST_FILE = "VsearcherTests/VsearcherTests-Info.plist";
				PRODUCT_NAME = "$(TARGET_NAME)";
				TEST_HOST = "$(BUNDLE_LOADER)";
				WRAPPER_EXTENSION = xctest;
			};
			name = Debug;
		};
		1755BC3D18B4FC4A00CC2AB7 /* Release */ = {
			isa = XCBuildConfiguration;
			buildSettings = {
				ARCHS = "$(ARCHS_STANDARD_INCLUDING_64_BIT)";
				BUNDLE_LOADER = "$(BUILT_PRODUCTS_DIR)/Vsearcher.app/Vsearcher";
				FRAMEWORK_SEARCH_PATHS = (
					"$(SDKROOT)/Developer/Library/Frameworks",
					"$(inherited)",
					"$(DEVELOPER_FRAMEWORKS_DIR)",
				);
				GCC_PRECOMPILE_PREFIX_HEADER = YES;
				GCC_PREFIX_HEADER = "Vsearcher/Vsearcher-Prefix.pch";
				INFOPLIST_FILE = "VsearcherTests/VsearcherTests-Info.plist";
				PRODUCT_NAME = "$(TARGET_NAME)";
				TEST_HOST = "$(BUNDLE_LOADER)";
				WRAPPER_EXTENSION = xctest;
			};
			name = Release;
		};
/* End XCBuildConfiguration section */

/* Begin XCConfigurationList section */
		1755BC0118B4FC4A00CC2AB7 /* Build configuration list for PBXProject "Vsearcher" */ = {
			isa = XCConfigurationList;
			buildConfigurations = (
				1755BC3618B4FC4A00CC2AB7 /* Debug */,
				1755BC3718B4FC4A00CC2AB7 /* Release */,
			);
			defaultConfigurationIsVisible = 0;
			defaultConfigurationName = Release;
		};
		1755BC3818B4FC4A00CC2AB7 /* Build configuration list for PBXNativeTarget "Vsearcher" */ = {
			isa = XCConfigurationList;
			buildConfigurations = (
				1755BC3918B4FC4A00CC2AB7 /* Debug */,
				1755BC3A18B4FC4A00CC2AB7 /* Release */,
			);
			defaultConfigurationIsVisible = 0;
			defaultConfigurationName = Release;
		};
		1755BC3B18B4FC4A00CC2AB7 /* Build configuration list for PBXNativeTarget "VsearcherTests" */ = {
			isa = XCConfigurationList;
			buildConfigurations = (
				1755BC3C18B4FC4A00CC2AB7 /* Debug */,
				1755BC3D18B4FC4A00CC2AB7 /* Release */,
			);
			defaultConfigurationIsVisible = 0;
			defaultConfigurationName = Release;
		};
/* End XCConfigurationList section */
	};
	rootObject = 1755BBFE18B4FC4A00CC2AB7 /* Project object */;
}
