// !$*UTF8*$!
{
	archiveVersion = 1;
	classes = {
	};
	objectVersion = 46;
	objects = {

/* Begin PBXBuildFile section */
		1755BCBC18B633B900CC2AB7 /* Foundation.framework in Frameworks */ = {isa = PBXBuildFile; fileRef = 1755BCBB18B633B900CC2AB7 /* Foundation.framework */; };
		1755BCBE18B633B900CC2AB7 /* CoreGraphics.framework in Frameworks */ = {isa = PBXBuildFile; fileRef = 1755BCBD18B633B900CC2AB7 /* CoreGraphics.framework */; };
		1755BCC018B633B900CC2AB7 /* UIKit.framework in Frameworks */ = {isa = PBXBuildFile; fileRef = 1755BCBF18B633B900CC2AB7 /* UIKit.framework */; };
		1755BCC618B633B900CC2AB7 /* InfoPlist.strings in Resources */ = {isa = PBXBuildFile; fileRef = 1755BCC418B633B900CC2AB7 /* InfoPlist.strings */; };
		1755BCC818B633B900CC2AB7 /* main.m in Sources */ = {isa = PBXBuildFile; fileRef = 1755BCC718B633B900CC2AB7 /* main.m */; };
		1755BCCC18B633B900CC2AB7 /* VSAppDelegate.m in Sources */ = {isa = PBXBuildFile; fileRef = 1755BCCB18B633B900CC2AB7 /* VSAppDelegate.m */; };
		1755BCCF18B633B900CC2AB7 /* Main.storyboard in Resources */ = {isa = PBXBuildFile; fileRef = 1755BCCD18B633B900CC2AB7 /* Main.storyboard */; };
		1755BCD418B633BA00CC2AB7 /* Images.xcassets in Resources */ = {isa = PBXBuildFile; fileRef = 1755BCD318B633BA00CC2AB7 /* Images.xcassets */; };
		1755BCDB18B633BA00CC2AB7 /* XCTest.framework in Frameworks */ = {isa = PBXBuildFile; fileRef = 1755BCDA18B633BA00CC2AB7 /* XCTest.framework */; };
		1755BCDC18B633BA00CC2AB7 /* Foundation.framework in Frameworks */ = {isa = PBXBuildFile; fileRef = 1755BCBB18B633B900CC2AB7 /* Foundation.framework */; };
		1755BCDD18B633BA00CC2AB7 /* UIKit.framework in Frameworks */ = {isa = PBXBuildFile; fileRef = 1755BCBF18B633B900CC2AB7 /* UIKit.framework */; };
		1755BCE518B633BA00CC2AB7 /* InfoPlist.strings in Resources */ = {isa = PBXBuildFile; fileRef = 1755BCE318B633BA00CC2AB7 /* InfoPlist.strings */; };
		1755BCE718B633BA00CC2AB7 /* Vsearcher2Tests.m in Sources */ = {isa = PBXBuildFile; fileRef = 1755BCE618B633BA00CC2AB7 /* Vsearcher2Tests.m */; };
		1755BCF718B6340F00CC2AB7 /* VSObjectSearchList.m in Sources */ = {isa = PBXBuildFile; fileRef = 1755BCF418B6340F00CC2AB7 /* VSObjectSearchList.m */; };
		1755BCF818B6340F00CC2AB7 /* VSReleaseObject.m in Sources */ = {isa = PBXBuildFile; fileRef = 1755BCF618B6340F00CC2AB7 /* VSReleaseObject.m */; };
		1755BD1018B6342500CC2AB7 /* ASIAuthenticationDialog.m in Sources */ = {isa = PBXBuildFile; fileRef = 1755BCFB18B6342500CC2AB7 /* ASIAuthenticationDialog.m */; settings = {COMPILER_FLAGS = "-fno-objc-arc"; }; };
		1755BD1118B6342500CC2AB7 /* ASIDataCompressor.m in Sources */ = {isa = PBXBuildFile; fileRef = 1755BCFE18B6342500CC2AB7 /* ASIDataCompressor.m */; settings = {COMPILER_FLAGS = "-fno-objc-arc"; }; };
		1755BD1218B6342500CC2AB7 /* ASIDataDecompressor.m in Sources */ = {isa = PBXBuildFile; fileRef = 1755BD0018B6342500CC2AB7 /* ASIDataDecompressor.m */; settings = {COMPILER_FLAGS = "-fno-objc-arc"; }; };
		1755BD1318B6342500CC2AB7 /* ASIDownloadCache.m in Sources */ = {isa = PBXBuildFile; fileRef = 1755BD0218B6342500CC2AB7 /* ASIDownloadCache.m */; settings = {COMPILER_FLAGS = "-fno-objc-arc"; }; };
		1755BD1418B6342500CC2AB7 /* ASIFormDataRequest.m in Sources */ = {isa = PBXBuildFile; fileRef = 1755BD0418B6342500CC2AB7 /* ASIFormDataRequest.m */; settings = {COMPILER_FLAGS = "-fno-objc-arc"; }; };
		1755BD1518B6342500CC2AB7 /* ASIHTTPRequest.m in Sources */ = {isa = PBXBuildFile; fileRef = 1755BD0618B6342500CC2AB7 /* ASIHTTPRequest.m */; settings = {COMPILER_FLAGS = "-fno-objc-arc"; }; };
		1755BD1618B6342500CC2AB7 /* ASIInputStream.m in Sources */ = {isa = PBXBuildFile; fileRef = 1755BD0A18B6342500CC2AB7 /* ASIInputStream.m */; settings = {COMPILER_FLAGS = "-fno-objc-arc"; }; };
		1755BD1718B6342500CC2AB7 /* ASINetworkQueue.m in Sources */ = {isa = PBXBuildFile; fileRef = 1755BD0C18B6342500CC2AB7 /* ASINetworkQueue.m */; settings = {COMPILER_FLAGS = "-fno-objc-arc"; }; };
		1755BD1818B6342500CC2AB7 /* Reachability.m in Sources */ = {isa = PBXBuildFile; fileRef = 1755BD0F18B6342500CC2AB7 /* Reachability.m */; settings = {COMPILER_FLAGS = "-fno-objc-arc"; }; };
		1755BD1A18B6345E00CC2AB7 /* libz.dylib in Frameworks */ = {isa = PBXBuildFile; fileRef = 1755BD1918B6345E00CC2AB7 /* libz.dylib */; };
		1755BD2118B63F2800CC2AB7 /* VSMasterObject.m in Sources */ = {isa = PBXBuildFile; fileRef = 1755BD2018B63F2800CC2AB7 /* VSMasterObject.m */; };
		1755BD2718B6402400CC2AB7 /* VSViewController.m in Sources */ = {isa = PBXBuildFile; fileRef = 1755BD2618B6402400CC2AB7 /* VSViewController.m */; };
		1755BD2B18B6516F00CC2AB7 /* VSMasterCollectionViewCell.m in Sources */ = {isa = PBXBuildFile; fileRef = 1755BD2A18B6516F00CC2AB7 /* VSMasterCollectionViewCell.m */; };
		1755BD3C18B6555F00CC2AB7 /* VSHeaderView.m in Sources */ = {isa = PBXBuildFile; fileRef = 1755BD3B18B6555F00CC2AB7 /* VSHeaderView.m */; };
		1755BD4A18B65F1A00CC2AB7 /* Security.framework in Frameworks */ = {isa = PBXBuildFile; fileRef = 1755BD4918B65F1A00CC2AB7 /* Security.framework */; };
		1755BD7C18B6875800CC2AB7 /* MKAnnotationView+WebCache.m in Sources */ = {isa = PBXBuildFile; fileRef = 1755BD6018B6875800CC2AB7 /* MKAnnotationView+WebCache.m */; };
		1755BD7D18B6875800CC2AB7 /* NSData+GIF.m in Sources */ = {isa = PBXBuildFile; fileRef = 1755BD6218B6875800CC2AB7 /* NSData+GIF.m */; };
		1755BD7E18B6875800CC2AB7 /* SDImageCache.m in Sources */ = {isa = PBXBuildFile; fileRef = 1755BD6418B6875800CC2AB7 /* SDImageCache.m */; };
		1755BD7F18B6875800CC2AB7 /* SDWebImageCompat.m in Sources */ = {isa = PBXBuildFile; fileRef = 1755BD6618B6875800CC2AB7 /* SDWebImageCompat.m */; };
		1755BD8018B6875800CC2AB7 /* SDWebImageDecoder.m in Sources */ = {isa = PBXBuildFile; fileRef = 1755BD6818B6875800CC2AB7 /* SDWebImageDecoder.m */; };
		1755BD8118B6875800CC2AB7 /* SDWebImageDownloader.m in Sources */ = {isa = PBXBuildFile; fileRef = 1755BD6A18B6875800CC2AB7 /* SDWebImageDownloader.m */; };
		1755BD8218B6875800CC2AB7 /* SDWebImageDownloaderOperation.m in Sources */ = {isa = PBXBuildFile; fileRef = 1755BD6C18B6875800CC2AB7 /* SDWebImageDownloaderOperation.m */; };
		1755BD8318B6875800CC2AB7 /* SDWebImageManager.m in Sources */ = {isa = PBXBuildFile; fileRef = 1755BD6E18B6875800CC2AB7 /* SDWebImageManager.m */; };
		1755BD8418B6875800CC2AB7 /* SDWebImagePrefetcher.m in Sources */ = {isa = PBXBuildFile; fileRef = 1755BD7118B6875800CC2AB7 /* SDWebImagePrefetcher.m */; };
		1755BD8518B6875800CC2AB7 /* UIButton+WebCache.m in Sources */ = {isa = PBXBuildFile; fileRef = 1755BD7318B6875800CC2AB7 /* UIButton+WebCache.m */; };
		1755BD8618B6875800CC2AB7 /* UIImage+GIF.m in Sources */ = {isa = PBXBuildFile; fileRef = 1755BD7518B6875800CC2AB7 /* UIImage+GIF.m */; };
		1755BD8718B6875800CC2AB7 /* UIImage+MultiFormat.m in Sources */ = {isa = PBXBuildFile; fileRef = 1755BD7718B6875800CC2AB7 /* UIImage+MultiFormat.m */; };
		1755BD8818B6875800CC2AB7 /* UIImage+WebP.m in Sources */ = {isa = PBXBuildFile; fileRef = 1755BD7918B6875800CC2AB7 /* UIImage+WebP.m */; };
		1755BD8918B6875800CC2AB7 /* UIImageView+WebCache.m in Sources */ = {isa = PBXBuildFile; fileRef = 1755BD7B18B6875800CC2AB7 /* UIImageView+WebCache.m */; };
		1755BD8C18B7464B00CC2AB7 /* VSSecondLevelViewController.m in Sources */ = {isa = PBXBuildFile; fileRef = 1755BD8B18B7464B00CC2AB7 /* VSSecondLevelViewController.m */; };
		1755BD8F18B74C0D00CC2AB7 /* VSThirdViewController.m in Sources */ = {isa = PBXBuildFile; fileRef = 1755BD8E18B74C0D00CC2AB7 /* VSThirdViewController.m */; };
		1755BD9218B755F500CC2AB7 /* VSSecondViewCell.m in Sources */ = {isa = PBXBuildFile; fileRef = 1755BD9118B755F500CC2AB7 /* VSSecondViewCell.m */; };
/* End PBXBuildFile section */

/* Begin PBXContainerItemProxy section */
		1755BCDE18B633BA00CC2AB7 /* PBXContainerItemProxy */ = {
			isa = PBXContainerItemProxy;
			containerPortal = 1755BCB018B633B900CC2AB7 /* Project object */;
			proxyType = 1;
			remoteGlobalIDString = 1755BCB718B633B900CC2AB7;
			remoteInfo = Vsearcher2;
		};
/* End PBXContainerItemProxy section */

/* Begin PBXFileReference section */
		1755BCB818B633B900CC2AB7 /* Vsearcher2.app */ = {isa = PBXFileReference; explicitFileType = wrapper.application; includeInIndex = 0; path = Vsearcher2.app; sourceTree = BUILT_PRODUCTS_DIR; };
		1755BCBB18B633B900CC2AB7 /* Foundation.framework */ = {isa = PBXFileReference; lastKnownFileType = wrapper.framework; name = Foundation.framework; path = System/Library/Frameworks/Foundation.framework; sourceTree = SDKROOT; };
		1755BCBD18B633B900CC2AB7 /* CoreGraphics.framework */ = {isa = PBXFileReference; lastKnownFileType = wrapper.framework; name = CoreGraphics.framework; path = System/Library/Frameworks/CoreGraphics.framework; sourceTree = SDKROOT; };
		1755BCBF18B633B900CC2AB7 /* UIKit.framework */ = {isa = PBXFileReference; lastKnownFileType = wrapper.framework; name = UIKit.framework; path = System/Library/Frameworks/UIKit.framework; sourceTree = SDKROOT; };
		1755BCC318B633B900CC2AB7 /* Vsearcher2-Info.plist */ = {isa = PBXFileReference; lastKnownFileType = text.plist.xml; path = "Vsearcher2-Info.plist"; sourceTree = "<group>"; };
		1755BCC518B633B900CC2AB7 /* en */ = {isa = PBXFileReference; lastKnownFileType = text.plist.strings; name = en; path = en.lproj/InfoPlist.strings; sourceTree = "<group>"; };
		1755BCC718B633B900CC2AB7 /* main.m */ = {isa = PBXFileReference; lastKnownFileType = sourcecode.c.objc; path = main.m; sourceTree = "<group>"; };
		1755BCC918B633B900CC2AB7 /* Vsearcher2-Prefix.pch */ = {isa = PBXFileReference; lastKnownFileType = sourcecode.c.h; path = "Vsearcher2-Prefix.pch"; sourceTree = "<group>"; };
		1755BCCA18B633B900CC2AB7 /* VSAppDelegate.h */ = {isa = PBXFileReference; lastKnownFileType = sourcecode.c.h; path = VSAppDelegate.h; sourceTree = "<group>"; };
		1755BCCB18B633B900CC2AB7 /* VSAppDelegate.m */ = {isa = PBXFileReference; lastKnownFileType = sourcecode.c.objc; path = VSAppDelegate.m; sourceTree = "<group>"; };
		1755BCCE18B633B900CC2AB7 /* Base */ = {isa = PBXFileReference; lastKnownFileType = file.storyboard; name = Base; path = Base.lproj/Main.storyboard; sourceTree = "<group>"; };
		1755BCD318B633BA00CC2AB7 /* Images.xcassets */ = {isa = PBXFileReference; lastKnownFileType = folder.assetcatalog; path = Images.xcassets; sourceTree = "<group>"; };
		1755BCD918B633BA00CC2AB7 /* Vsearcher2Tests.xctest */ = {isa = PBXFileReference; explicitFileType = wrapper.cfbundle; includeInIndex = 0; path = Vsearcher2Tests.xctest; sourceTree = BUILT_PRODUCTS_DIR; };
		1755BCDA18B633BA00CC2AB7 /* XCTest.framework */ = {isa = PBXFileReference; lastKnownFileType = wrapper.framework; name = XCTest.framework; path = Library/Frameworks/XCTest.framework; sourceTree = DEVELOPER_DIR; };
		1755BCE218B633BA00CC2AB7 /* Vsearcher2Tests-Info.plist */ = {isa = PBXFileReference; lastKnownFileType = text.plist.xml; path = "Vsearcher2Tests-Info.plist"; sourceTree = "<group>"; };
		1755BCE418B633BA00CC2AB7 /* en */ = {isa = PBXFileReference; lastKnownFileType = text.plist.strings; name = en; path = en.lproj/InfoPlist.strings; sourceTree = "<group>"; };
		1755BCE618B633BA00CC2AB7 /* Vsearcher2Tests.m */ = {isa = PBXFileReference; lastKnownFileType = sourcecode.c.objc; path = Vsearcher2Tests.m; sourceTree = "<group>"; };
		1755BCF318B6340F00CC2AB7 /* VSObjectSearchList.h */ = {isa = PBXFileReference; fileEncoding = 4; lastKnownFileType = sourcecode.c.h; path = VSObjectSearchList.h; sourceTree = "<group>"; };
		1755BCF418B6340F00CC2AB7 /* VSObjectSearchList.m */ = {isa = PBXFileReference; fileEncoding = 4; lastKnownFileType = sourcecode.c.objc; path = VSObjectSearchList.m; sourceTree = "<group>"; };
		1755BCF518B6340F00CC2AB7 /* VSReleaseObject.h */ = {isa = PBXFileReference; fileEncoding = 4; lastKnownFileType = sourcecode.c.h; path = VSReleaseObject.h; sourceTree = "<group>"; };
		1755BCF618B6340F00CC2AB7 /* VSReleaseObject.m */ = {isa = PBXFileReference; fileEncoding = 4; lastKnownFileType = sourcecode.c.objc; path = VSReleaseObject.m; sourceTree = "<group>"; };
		1755BCFA18B6342500CC2AB7 /* ASIAuthenticationDialog.h */ = {isa = PBXFileReference; fileEncoding = 4; lastKnownFileType = sourcecode.c.h; path = ASIAuthenticationDialog.h; sourceTree = "<group>"; };
		1755BCFB18B6342500CC2AB7 /* ASIAuthenticationDialog.m */ = {isa = PBXFileReference; fileEncoding = 4; lastKnownFileType = sourcecode.c.objc; path = ASIAuthenticationDialog.m; sourceTree = "<group>"; };
		1755BCFC18B6342500CC2AB7 /* ASICacheDelegate.h */ = {isa = PBXFileReference; fileEncoding = 4; lastKnownFileType = sourcecode.c.h; path = ASICacheDelegate.h; sourceTree = "<group>"; };
		1755BCFD18B6342500CC2AB7 /* ASIDataCompressor.h */ = {isa = PBXFileReference; fileEncoding = 4; lastKnownFileType = sourcecode.c.h; path = ASIDataCompressor.h; sourceTree = "<group>"; };
		1755BCFE18B6342500CC2AB7 /* ASIDataCompressor.m */ = {isa = PBXFileReference; fileEncoding = 4; lastKnownFileType = sourcecode.c.objc; path = ASIDataCompressor.m; sourceTree = "<group>"; };
		1755BCFF18B6342500CC2AB7 /* ASIDataDecompressor.h */ = {isa = PBXFileReference; fileEncoding = 4; lastKnownFileType = sourcecode.c.h; path = ASIDataDecompressor.h; sourceTree = "<group>"; };
		1755BD0018B6342500CC2AB7 /* ASIDataDecompressor.m */ = {isa = PBXFileReference; fileEncoding = 4; lastKnownFileType = sourcecode.c.objc; path = ASIDataDecompressor.m; sourceTree = "<group>"; };
		1755BD0118B6342500CC2AB7 /* ASIDownloadCache.h */ = {isa = PBXFileReference; fileEncoding = 4; lastKnownFileType = sourcecode.c.h; path = ASIDownloadCache.h; sourceTree = "<group>"; };
		1755BD0218B6342500CC2AB7 /* ASIDownloadCache.m */ = {isa = PBXFileReference; fileEncoding = 4; lastKnownFileType = sourcecode.c.objc; path = ASIDownloadCache.m; sourceTree = "<group>"; };
		1755BD0318B6342500CC2AB7 /* ASIFormDataRequest.h */ = {isa = PBXFileReference; fileEncoding = 4; lastKnownFileType = sourcecode.c.h; path = ASIFormDataRequest.h; sourceTree = "<group>"; };
		1755BD0418B6342500CC2AB7 /* ASIFormDataRequest.m */ = {isa = PBXFileReference; fileEncoding = 4; lastKnownFileType = sourcecode.c.objc; path = ASIFormDataRequest.m; sourceTree = "<group>"; };
		1755BD0518B6342500CC2AB7 /* ASIHTTPRequest.h */ = {isa = PBXFileReference; fileEncoding = 4; lastKnownFileType = sourcecode.c.h; path = ASIHTTPRequest.h; sourceTree = "<group>"; };
		1755BD0618B6342500CC2AB7 /* ASIHTTPRequest.m */ = {isa = PBXFileReference; fileEncoding = 4; lastKnownFileType = sourcecode.c.objc; path = ASIHTTPRequest.m; sourceTree = "<group>"; };
		1755BD0718B6342500CC2AB7 /* ASIHTTPRequestConfig.h */ = {isa = PBXFileReference; fileEncoding = 4; lastKnownFileType = sourcecode.c.h; path = ASIHTTPRequestConfig.h; sourceTree = "<group>"; };
		1755BD0818B6342500CC2AB7 /* ASIHTTPRequestDelegate.h */ = {isa = PBXFileReference; fileEncoding = 4; lastKnownFileType = sourcecode.c.h; path = ASIHTTPRequestDelegate.h; sourceTree = "<group>"; };
		1755BD0918B6342500CC2AB7 /* ASIInputStream.h */ = {isa = PBXFileReference; fileEncoding = 4; lastKnownFileType = sourcecode.c.h; path = ASIInputStream.h; sourceTree = "<group>"; };
		1755BD0A18B6342500CC2AB7 /* ASIInputStream.m */ = {isa = PBXFileReference; fileEncoding = 4; lastKnownFileType = sourcecode.c.objc; path = ASIInputStream.m; sourceTree = "<group>"; };
		1755BD0B18B6342500CC2AB7 /* ASINetworkQueue.h */ = {isa = PBXFileReference; fileEncoding = 4; lastKnownFileType = sourcecode.c.h; path = ASINetworkQueue.h; sourceTree = "<group>"; };
		1755BD0C18B6342500CC2AB7 /* ASINetworkQueue.m */ = {isa = PBXFileReference; fileEncoding = 4; lastKnownFileType = sourcecode.c.objc; path = ASINetworkQueue.m; sourceTree = "<group>"; };
		1755BD0D18B6342500CC2AB7 /* ASIProgressDelegate.h */ = {isa = PBXFileReference; fileEncoding = 4; lastKnownFileType = sourcecode.c.h; path = ASIProgressDelegate.h; sourceTree = "<group>"; };
		1755BD0E18B6342500CC2AB7 /* Reachability.h */ = {isa = PBXFileReference; fileEncoding = 4; lastKnownFileType = sourcecode.c.h; path = Reachability.h; sourceTree = "<group>"; };
		1755BD0F18B6342500CC2AB7 /* Reachability.m */ = {isa = PBXFileReference; fileEncoding = 4; lastKnownFileType = sourcecode.c.objc; path = Reachability.m; sourceTree = "<group>"; };
		1755BD1918B6345E00CC2AB7 /* libz.dylib */ = {isa = PBXFileReference; lastKnownFileType = "compiled.mach-o.dylib"; name = libz.dylib; path = usr/lib/libz.dylib; sourceTree = SDKROOT; };
		1755BD1F18B63F2800CC2AB7 /* VSMasterObject.h */ = {isa = PBXFileReference; fileEncoding = 4; lastKnownFileType = sourcecode.c.h; path = VSMasterObject.h; sourceTree = "<group>"; };
		1755BD2018B63F2800CC2AB7 /* VSMasterObject.m */ = {isa = PBXFileReference; fileEncoding = 4; lastKnownFileType = sourcecode.c.objc; path = VSMasterObject.m; sourceTree = "<group>"; };
		1755BD2518B6402400CC2AB7 /* VSViewController.h */ = {isa = PBXFileReference; fileEncoding = 4; lastKnownFileType = sourcecode.c.h; path = VSViewController.h; sourceTree = "<group>"; };
		1755BD2618B6402400CC2AB7 /* VSViewController.m */ = {isa = PBXFileReference; fileEncoding = 4; lastKnownFileType = sourcecode.c.objc; path = VSViewController.m; sourceTree = "<group>"; };
		1755BD2918B6516F00CC2AB7 /* VSMasterCollectionViewCell.h */ = {isa = PBXFileReference; fileEncoding = 4; lastKnownFileType = sourcecode.c.h; path = VSMasterCollectionViewCell.h; sourceTree = "<group>"; };
		1755BD2A18B6516F00CC2AB7 /* VSMasterCollectionViewCell.m */ = {isa = PBXFileReference; fileEncoding = 4; lastKnownFileType = sourcecode.c.objc; path = VSMasterCollectionViewCell.m; sourceTree = "<group>"; };
		1755BD3A18B6555F00CC2AB7 /* VSHeaderView.h */ = {isa = PBXFileReference; fileEncoding = 4; lastKnownFileType = sourcecode.c.h; path = VSHeaderView.h; sourceTree = "<group>"; };
		1755BD3B18B6555F00CC2AB7 /* VSHeaderView.m */ = {isa = PBXFileReference; fileEncoding = 4; lastKnownFileType = sourcecode.c.objc; path = VSHeaderView.m; sourceTree = "<group>"; };
		1755BD4918B65F1A00CC2AB7 /* Security.framework */ = {isa = PBXFileReference; lastKnownFileType = wrapper.framework; name = Security.framework; path = System/Library/Frameworks/Security.framework; sourceTree = SDKROOT; };
		1755BD5F18B6875800CC2AB7 /* MKAnnotationView+WebCache.h */ = {isa = PBXFileReference; fileEncoding = 4; lastKnownFileType = sourcecode.c.h; path = "MKAnnotationView+WebCache.h"; sourceTree = "<group>"; };
		1755BD6018B6875800CC2AB7 /* MKAnnotationView+WebCache.m */ = {isa = PBXFileReference; fileEncoding = 4; lastKnownFileType = sourcecode.c.objc; path = "MKAnnotationView+WebCache.m"; sourceTree = "<group>"; };
		1755BD6118B6875800CC2AB7 /* NSData+GIF.h */ = {isa = PBXFileReference; fileEncoding = 4; lastKnownFileType = sourcecode.c.h; path = "NSData+GIF.h"; sourceTree = "<group>"; };
		1755BD6218B6875800CC2AB7 /* NSData+GIF.m */ = {isa = PBXFileReference; fileEncoding = 4; lastKnownFileType = sourcecode.c.objc; path = "NSData+GIF.m"; sourceTree = "<group>"; };
		1755BD6318B6875800CC2AB7 /* SDImageCache.h */ = {isa = PBXFileReference; fileEncoding = 4; lastKnownFileType = sourcecode.c.h; path = SDImageCache.h; sourceTree = "<group>"; };
		1755BD6418B6875800CC2AB7 /* SDImageCache.m */ = {isa = PBXFileReference; fileEncoding = 4; lastKnownFileType = sourcecode.c.objc; path = SDImageCache.m; sourceTree = "<group>"; };
		1755BD6518B6875800CC2AB7 /* SDWebImageCompat.h */ = {isa = PBXFileReference; fileEncoding = 4; lastKnownFileType = sourcecode.c.h; path = SDWebImageCompat.h; sourceTree = "<group>"; };
		1755BD6618B6875800CC2AB7 /* SDWebImageCompat.m */ = {isa = PBXFileReference; fileEncoding = 4; lastKnownFileType = sourcecode.c.objc; path = SDWebImageCompat.m; sourceTree = "<group>"; };
		1755BD6718B6875800CC2AB7 /* SDWebImageDecoder.h */ = {isa = PBXFileReference; fileEncoding = 4; lastKnownFileType = sourcecode.c.h; path = SDWebImageDecoder.h; sourceTree = "<group>"; };
		1755BD6818B6875800CC2AB7 /* SDWebImageDecoder.m */ = {isa = PBXFileReference; fileEncoding = 4; lastKnownFileType = sourcecode.c.objc; path = SDWebImageDecoder.m; sourceTree = "<group>"; };
		1755BD6918B6875800CC2AB7 /* SDWebImageDownloader.h */ = {isa = PBXFileReference; fileEncoding = 4; lastKnownFileType = sourcecode.c.h; path = SDWebImageDownloader.h; sourceTree = "<group>"; };
		1755BD6A18B6875800CC2AB7 /* SDWebImageDownloader.m */ = {isa = PBXFileReference; fileEncoding = 4; lastKnownFileType = sourcecode.c.objc; path = SDWebImageDownloader.m; sourceTree = "<group>"; };
		1755BD6B18B6875800CC2AB7 /* SDWebImageDownloaderOperation.h */ = {isa = PBXFileReference; fileEncoding = 4; lastKnownFileType = sourcecode.c.h; path = SDWebImageDownloaderOperation.h; sourceTree = "<group>"; };
		1755BD6C18B6875800CC2AB7 /* SDWebImageDownloaderOperation.m */ = {isa = PBXFileReference; fileEncoding = 4; lastKnownFileType = sourcecode.c.objc; path = SDWebImageDownloaderOperation.m; sourceTree = "<group>"; };
		1755BD6D18B6875800CC2AB7 /* SDWebImageManager.h */ = {isa = PBXFileReference; fileEncoding = 4; lastKnownFileType = sourcecode.c.h; path = SDWebImageManager.h; sourceTree = "<group>"; };
		1755BD6E18B6875800CC2AB7 /* SDWebImageManager.m */ = {isa = PBXFileReference; fileEncoding = 4; lastKnownFileType = sourcecode.c.objc; path = SDWebImageManager.m; sourceTree = "<group>"; };
		1755BD6F18B6875800CC2AB7 /* SDWebImageOperation.h */ = {isa = PBXFileReference; fileEncoding = 4; lastKnownFileType = sourcecode.c.h; path = SDWebImageOperation.h; sourceTree = "<group>"; };
		1755BD7018B6875800CC2AB7 /* SDWebImagePrefetcher.h */ = {isa = PBXFileReference; fileEncoding = 4; lastKnownFileType = sourcecode.c.h; path = SDWebImagePrefetcher.h; sourceTree = "<group>"; };
		1755BD7118B6875800CC2AB7 /* SDWebImagePrefetcher.m */ = {isa = PBXFileReference; fileEncoding = 4; lastKnownFileType = sourcecode.c.objc; path = SDWebImagePrefetcher.m; sourceTree = "<group>"; };
		1755BD7218B6875800CC2AB7 /* UIButton+WebCache.h */ = {isa = PBXFileReference; fileEncoding = 4; lastKnownFileType = sourcecode.c.h; path = "UIButton+WebCache.h"; sourceTree = "<group>"; };
		1755BD7318B6875800CC2AB7 /* UIButton+WebCache.m */ = {isa = PBXFileReference; fileEncoding = 4; lastKnownFileType = sourcecode.c.objc; path = "UIButton+WebCache.m"; sourceTree = "<group>"; };
		1755BD7418B6875800CC2AB7 /* UIImage+GIF.h */ = {isa = PBXFileReference; fileEncoding = 4; lastKnownFileType = sourcecode.c.h; path = "UIImage+GIF.h"; sourceTree = "<group>"; };
		1755BD7518B6875800CC2AB7 /* UIImage+GIF.m */ = {isa = PBXFileReference; fileEncoding = 4; lastKnownFileType = sourcecode.c.objc; path = "UIImage+GIF.m"; sourceTree = "<group>"; };
		1755BD7618B6875800CC2AB7 /* UIImage+MultiFormat.h */ = {isa = PBXFileReference; fileEncoding = 4; lastKnownFileType = sourcecode.c.h; path = "UIImage+MultiFormat.h"; sourceTree = "<group>"; };
		1755BD7718B6875800CC2AB7 /* UIImage+MultiFormat.m */ = {isa = PBXFileReference; fileEncoding = 4; lastKnownFileType = sourcecode.c.objc; path = "UIImage+MultiFormat.m"; sourceTree = "<group>"; };
		1755BD7818B6875800CC2AB7 /* UIImage+WebP.h */ = {isa = PBXFileReference; fileEncoding = 4; lastKnownFileType = sourcecode.c.h; path = "UIImage+WebP.h"; sourceTree = "<group>"; };
		1755BD7918B6875800CC2AB7 /* UIImage+WebP.m */ = {isa = PBXFileReference; fileEncoding = 4; lastKnownFileType = sourcecode.c.objc; path = "UIImage+WebP.m"; sourceTree = "<group>"; };
		1755BD7A18B6875800CC2AB7 /* UIImageView+WebCache.h */ = {isa = PBXFileReference; fileEncoding = 4; lastKnownFileType = sourcecode.c.h; path = "UIImageView+WebCache.h"; sourceTree = "<group>"; };
		1755BD7B18B6875800CC2AB7 /* UIImageView+WebCache.m */ = {isa = PBXFileReference; fileEncoding = 4; lastKnownFileType = sourcecode.c.objc; path = "UIImageView+WebCache.m"; sourceTree = "<group>"; };
		1755BD8A18B7464B00CC2AB7 /* VSSecondLevelViewController.h */ = {isa = PBXFileReference; fileEncoding = 4; lastKnownFileType = sourcecode.c.h; path = VSSecondLevelViewController.h; sourceTree = "<group>"; };
		1755BD8B18B7464B00CC2AB7 /* VSSecondLevelViewController.m */ = {isa = PBXFileReference; fileEncoding = 4; lastKnownFileType = sourcecode.c.objc; path = VSSecondLevelViewController.m; sourceTree = "<group>"; };
		1755BD8D18B74C0D00CC2AB7 /* VSThirdViewController.h */ = {isa = PBXFileReference; fileEncoding = 4; lastKnownFileType = sourcecode.c.h; path = VSThirdViewController.h; sourceTree = "<group>"; };
		1755BD8E18B74C0D00CC2AB7 /* VSThirdViewController.m */ = {isa = PBXFileReference; fileEncoding = 4; lastKnownFileType = sourcecode.c.objc; path = VSThirdViewController.m; sourceTree = "<group>"; };
		1755BD9018B755F500CC2AB7 /* VSSecondViewCell.h */ = {isa = PBXFileReference; fileEncoding = 4; lastKnownFileType = sourcecode.c.h; path = VSSecondViewCell.h; sourceTree = "<group>"; };
		1755BD9118B755F500CC2AB7 /* VSSecondViewCell.m */ = {isa = PBXFileReference; fileEncoding = 4; lastKnownFileType = sourcecode.c.objc; path = VSSecondViewCell.m; sourceTree = "<group>"; };
/* End PBXFileReference section */

/* Begin PBXFrameworksBuildPhase section */
		1755BCB518B633B900CC2AB7 /* Frameworks */ = {
			isa = PBXFrameworksBuildPhase;
			buildActionMask = 2147483647;
			files = (
				1755BD4A18B65F1A00CC2AB7 /* Security.framework in Frameworks */,
				1755BD1A18B6345E00CC2AB7 /* libz.dylib in Frameworks */,
				1755BCBE18B633B900CC2AB7 /* CoreGraphics.framework in Frameworks */,
				1755BCC018B633B900CC2AB7 /* UIKit.framework in Frameworks */,
				1755BCBC18B633B900CC2AB7 /* Foundation.framework in Frameworks */,
			);
			runOnlyForDeploymentPostprocessing = 0;
		};
		1755BCD618B633BA00CC2AB7 /* Frameworks */ = {
			isa = PBXFrameworksBuildPhase;
			buildActionMask = 2147483647;
			files = (
				1755BCDB18B633BA00CC2AB7 /* XCTest.framework in Frameworks */,
				1755BCDD18B633BA00CC2AB7 /* UIKit.framework in Frameworks */,
				1755BCDC18B633BA00CC2AB7 /* Foundation.framework in Frameworks */,
			);
			runOnlyForDeploymentPostprocessing = 0;
		};
/* End PBXFrameworksBuildPhase section */

/* Begin PBXGroup section */
		1755BCAF18B633B900CC2AB7 = {
			isa = PBXGroup;
			children = (
				1755BCC118B633B900CC2AB7 /* Vsearcher2 */,
				1755BCE018B633BA00CC2AB7 /* Vsearcher2Tests */,
				1755BCBA18B633B900CC2AB7 /* Frameworks */,
				1755BCB918B633B900CC2AB7 /* Products */,
			);
			sourceTree = "<group>";
		};
		1755BCB918B633B900CC2AB7 /* Products */ = {
			isa = PBXGroup;
			children = (
				1755BCB818B633B900CC2AB7 /* Vsearcher2.app */,
				1755BCD918B633BA00CC2AB7 /* Vsearcher2Tests.xctest */,
			);
			name = Products;
			sourceTree = "<group>";
		};
		1755BCBA18B633B900CC2AB7 /* Frameworks */ = {
			isa = PBXGroup;
			children = (
				1755BD4918B65F1A00CC2AB7 /* Security.framework */,
				1755BD1918B6345E00CC2AB7 /* libz.dylib */,
				1755BCBB18B633B900CC2AB7 /* Foundation.framework */,
				1755BCBD18B633B900CC2AB7 /* CoreGraphics.framework */,
				1755BCBF18B633B900CC2AB7 /* UIKit.framework */,
				1755BCDA18B633BA00CC2AB7 /* XCTest.framework */,
			);
			name = Frameworks;
			sourceTree = "<group>";
		};
		1755BCC118B633B900CC2AB7 /* Vsearcher2 */ = {
			isa = PBXGroup;
			children = (
				1755BCCA18B633B900CC2AB7 /* VSAppDelegate.h */,
				1755BCCB18B633B900CC2AB7 /* VSAppDelegate.m */,
				1755BCCD18B633B900CC2AB7 /* Main.storyboard */,
				1755BD2518B6402400CC2AB7 /* VSViewController.h */,
				1755BD2618B6402400CC2AB7 /* VSViewController.m */,
				1755BD8A18B7464B00CC2AB7 /* VSSecondLevelViewController.h */,
				1755BD8B18B7464B00CC2AB7 /* VSSecondLevelViewController.m */,
				1755BD8D18B74C0D00CC2AB7 /* VSThirdViewController.h */,
				1755BD8E18B74C0D00CC2AB7 /* VSThirdViewController.m */,
				1755BD3918B6554600CC2AB7 /* HEADER */,
				1755BD2818B6515700CC2AB7 /* CELL */,
				1755BCD318B633BA00CC2AB7 /* Images.xcassets */,
				1755BCF218B633EC00CC2AB7 /* VC */,
				1755BCF118B633E700CC2AB7 /* MODEL */,
				1755BCF018B633E100CC2AB7 /* API */,
				1755BCC218B633B900CC2AB7 /* Supporting Files */,
			);
			path = Vsearcher2;
			sourceTree = "<group>";
		};
		1755BCC218B633B900CC2AB7 /* Supporting Files */ = {
			isa = PBXGroup;
			children = (
				1755BCC318B633B900CC2AB7 /* Vsearcher2-Info.plist */,
				1755BCC418B633B900CC2AB7 /* InfoPlist.strings */,
				1755BCC718B633B900CC2AB7 /* main.m */,
				1755BCC918B633B900CC2AB7 /* Vsearcher2-Prefix.pch */,
			);
			name = "Supporting Files";
			sourceTree = "<group>";
		};
		1755BCE018B633BA00CC2AB7 /* Vsearcher2Tests */ = {
			isa = PBXGroup;
			children = (
				1755BCE618B633BA00CC2AB7 /* Vsearcher2Tests.m */,
				1755BCE118B633BA00CC2AB7 /* Supporting Files */,
			);
			path = Vsearcher2Tests;
			sourceTree = "<group>";
		};
		1755BCE118B633BA00CC2AB7 /* Supporting Files */ = {
			isa = PBXGroup;
			children = (
				1755BCE218B633BA00CC2AB7 /* Vsearcher2Tests-Info.plist */,
				1755BCE318B633BA00CC2AB7 /* InfoPlist.strings */,
			);
			name = "Supporting Files";
			sourceTree = "<group>";
		};
		1755BCF018B633E100CC2AB7 /* API */ = {
			isa = PBXGroup;
			children = (
				1755BD5E18B6875800CC2AB7 /* SDWebImage */,
				1755BCF918B6342500CC2AB7 /* ASIHTTPRequest */,
				1755BD0E18B6342500CC2AB7 /* Reachability.h */,
				1755BD0F18B6342500CC2AB7 /* Reachability.m */,
			);
			name = API;
			sourceTree = "<group>";
		};
		1755BCF118B633E700CC2AB7 /* MODEL */ = {
			isa = PBXGroup;
			children = (
				1755BD1F18B63F2800CC2AB7 /* VSMasterObject.h */,
				1755BD2018B63F2800CC2AB7 /* VSMasterObject.m */,
				1755BCF318B6340F00CC2AB7 /* VSObjectSearchList.h */,
				1755BCF418B6340F00CC2AB7 /* VSObjectSearchList.m */,
				1755BCF518B6340F00CC2AB7 /* VSReleaseObject.h */,
				1755BCF618B6340F00CC2AB7 /* VSReleaseObject.m */,
			);
			name = MODEL;
			sourceTree = "<group>";
		};
		1755BCF218B633EC00CC2AB7 /* VC */ = {
			isa = PBXGroup;
			children = (
			);
			name = VC;
			sourceTree = "<group>";
		};
		1755BCF918B6342500CC2AB7 /* ASIHTTPRequest */ = {
			isa = PBXGroup;
			children = (
				1755BCFA18B6342500CC2AB7 /* ASIAuthenticationDialog.h */,
				1755BCFB18B6342500CC2AB7 /* ASIAuthenticationDialog.m */,
				1755BCFC18B6342500CC2AB7 /* ASICacheDelegate.h */,
				1755BCFD18B6342500CC2AB7 /* ASIDataCompressor.h */,
				1755BCFE18B6342500CC2AB7 /* ASIDataCompressor.m */,
				1755BCFF18B6342500CC2AB7 /* ASIDataDecompressor.h */,
				1755BD0018B6342500CC2AB7 /* ASIDataDecompressor.m */,
				1755BD0118B6342500CC2AB7 /* ASIDownloadCache.h */,
				1755BD0218B6342500CC2AB7 /* ASIDownloadCache.m */,
				1755BD0318B6342500CC2AB7 /* ASIFormDataRequest.h */,
				1755BD0418B6342500CC2AB7 /* ASIFormDataRequest.m */,
				1755BD0518B6342500CC2AB7 /* ASIHTTPRequest.h */,
				1755BD0618B6342500CC2AB7 /* ASIHTTPRequest.m */,
				1755BD0718B6342500CC2AB7 /* ASIHTTPRequestConfig.h */,
				1755BD0818B6342500CC2AB7 /* ASIHTTPRequestDelegate.h */,
				1755BD0918B6342500CC2AB7 /* ASIInputStream.h */,
				1755BD0A18B6342500CC2AB7 /* ASIInputStream.m */,
				1755BD0B18B6342500CC2AB7 /* ASINetworkQueue.h */,
				1755BD0C18B6342500CC2AB7 /* ASINetworkQueue.m */,
				1755BD0D18B6342500CC2AB7 /* ASIProgressDelegate.h */,
			);
			path = ASIHTTPRequest;
			sourceTree = "<group>";
		};
		1755BD2818B6515700CC2AB7 /* CELL */ = {
			isa = PBXGroup;
			children = (
				1755BD2918B6516F00CC2AB7 /* VSMasterCollectionViewCell.h */,
				1755BD2A18B6516F00CC2AB7 /* VSMasterCollectionViewCell.m */,
				1755BD9018B755F500CC2AB7 /* VSSecondViewCell.h */,
				1755BD9118B755F500CC2AB7 /* VSSecondViewCell.m */,
			);
			name = CELL;
			sourceTree = "<group>";
		};
		1755BD3918B6554600CC2AB7 /* HEADER */ = {
			isa = PBXGroup;
			children = (
				1755BD3A18B6555F00CC2AB7 /* VSHeaderView.h */,
				1755BD3B18B6555F00CC2AB7 /* VSHeaderView.m */,
			);
			name = HEADER;
			sourceTree = "<group>";
		};
		1755BD5E18B6875800CC2AB7 /* SDWebImage */ = {
			isa = PBXGroup;
			children = (
				1755BD5F18B6875800CC2AB7 /* MKAnnotationView+WebCache.h */,
				1755BD6018B6875800CC2AB7 /* MKAnnotationView+WebCache.m */,
				1755BD6118B6875800CC2AB7 /* NSData+GIF.h */,
				1755BD6218B6875800CC2AB7 /* NSData+GIF.m */,
				1755BD6318B6875800CC2AB7 /* SDImageCache.h */,
				1755BD6418B6875800CC2AB7 /* SDImageCache.m */,
				1755BD6518B6875800CC2AB7 /* SDWebImageCompat.h */,
				1755BD6618B6875800CC2AB7 /* SDWebImageCompat.m */,
				1755BD6718B6875800CC2AB7 /* SDWebImageDecoder.h */,
				1755BD6818B6875800CC2AB7 /* SDWebImageDecoder.m */,
				1755BD6918B6875800CC2AB7 /* SDWebImageDownloader.h */,
				1755BD6A18B6875800CC2AB7 /* SDWebImageDownloader.m */,
				1755BD6B18B6875800CC2AB7 /* SDWebImageDownloaderOperation.h */,
				1755BD6C18B6875800CC2AB7 /* SDWebImageDownloaderOperation.m */,
				1755BD6D18B6875800CC2AB7 /* SDWebImageManager.h */,
				1755BD6E18B6875800CC2AB7 /* SDWebImageManager.m */,
				1755BD6F18B6875800CC2AB7 /* SDWebImageOperation.h */,
				1755BD7018B6875800CC2AB7 /* SDWebImagePrefetcher.h */,
				1755BD7118B6875800CC2AB7 /* SDWebImagePrefetcher.m */,
				1755BD7218B6875800CC2AB7 /* UIButton+WebCache.h */,
				1755BD7318B6875800CC2AB7 /* UIButton+WebCache.m */,
				1755BD7418B6875800CC2AB7 /* UIImage+GIF.h */,
				1755BD7518B6875800CC2AB7 /* UIImage+GIF.m */,
				1755BD7618B6875800CC2AB7 /* UIImage+MultiFormat.h */,
				1755BD7718B6875800CC2AB7 /* UIImage+MultiFormat.m */,
				1755BD7818B6875800CC2AB7 /* UIImage+WebP.h */,
				1755BD7918B6875800CC2AB7 /* UIImage+WebP.m */,
				1755BD7A18B6875800CC2AB7 /* UIImageView+WebCache.h */,
				1755BD7B18B6875800CC2AB7 /* UIImageView+WebCache.m */,
			);
			path = SDWebImage;
			sourceTree = "<group>";
		};
/* End PBXGroup section */

/* Begin PBXNativeTarget section */
		1755BCB718B633B900CC2AB7 /* Vsearcher2 */ = {
			isa = PBXNativeTarget;
			buildConfigurationList = 1755BCEA18B633BA00CC2AB7 /* Build configuration list for PBXNativeTarget "Vsearcher2" */;
			buildPhases = (
				1755BCB418B633B900CC2AB7 /* Sources */,
				1755BCB518B633B900CC2AB7 /* Frameworks */,
				1755BCB618B633B900CC2AB7 /* Resources */,
			);
			buildRules = (
			);
			dependencies = (
			);
			name = Vsearcher2;
			productName = Vsearcher2;
			productReference = 1755BCB818B633B900CC2AB7 /* Vsearcher2.app */;
			productType = "com.apple.product-type.application";
		};
		1755BCD818B633BA00CC2AB7 /* Vsearcher2Tests */ = {
			isa = PBXNativeTarget;
			buildConfigurationList = 1755BCED18B633BA00CC2AB7 /* Build configuration list for PBXNativeTarget "Vsearcher2Tests" */;
			buildPhases = (
				1755BCD518B633BA00CC2AB7 /* Sources */,
				1755BCD618B633BA00CC2AB7 /* Frameworks */,
				1755BCD718B633BA00CC2AB7 /* Resources */,
			);
			buildRules = (
			);
			dependencies = (
				1755BCDF18B633BA00CC2AB7 /* PBXTargetDependency */,
			);
			name = Vsearcher2Tests;
			productName = Vsearcher2Tests;
			productReference = 1755BCD918B633BA00CC2AB7 /* Vsearcher2Tests.xctest */;
			productType = "com.apple.product-type.bundle.unit-test";
		};
/* End PBXNativeTarget section */

/* Begin PBXProject section */
		1755BCB018B633B900CC2AB7 /* Project object */ = {
			isa = PBXProject;
			attributes = {
				CLASSPREFIX = VS;
				LastUpgradeCheck = 0500;
				ORGANIZATIONNAME = "EMSE ES";
				TargetAttributes = {
					1755BCD818B633BA00CC2AB7 = {
						TestTargetID = 1755BCB718B633B900CC2AB7;
					};
				};
			};
			buildConfigurationList = 1755BCB318B633B900CC2AB7 /* Build configuration list for PBXProject "Vsearcher2" */;
			compatibilityVersion = "Xcode 3.2";
			developmentRegion = English;
			hasScannedForEncodings = 0;
			knownRegions = (
				en,
				Base,
			);
			mainGroup = 1755BCAF18B633B900CC2AB7;
			productRefGroup = 1755BCB918B633B900CC2AB7 /* Products */;
			projectDirPath = "";
			projectRoot = "";
			targets = (
				1755BCB718B633B900CC2AB7 /* Vsearcher2 */,
				1755BCD818B633BA00CC2AB7 /* Vsearcher2Tests */,
			);
		};
/* End PBXProject section */

/* Begin PBXResourcesBuildPhase section */
		1755BCB618B633B900CC2AB7 /* Resources */ = {
			isa = PBXResourcesBuildPhase;
			buildActionMask = 2147483647;
			files = (
				1755BCD418B633BA00CC2AB7 /* Images.xcassets in Resources */,
				1755BCC618B633B900CC2AB7 /* InfoPlist.strings in Resources */,
				1755BCCF18B633B900CC2AB7 /* Main.storyboard in Resources */,
			);
			runOnlyForDeploymentPostprocessing = 0;
		};
		1755BCD718B633BA00CC2AB7 /* Resources */ = {
			isa = PBXResourcesBuildPhase;
			buildActionMask = 2147483647;
			files = (
				1755BCE518B633BA00CC2AB7 /* InfoPlist.strings in Resources */,
			);
			runOnlyForDeploymentPostprocessing = 0;
		};
/* End PBXResourcesBuildPhase section */

/* Begin PBXSourcesBuildPhase section */
		1755BCB418B633B900CC2AB7 /* Sources */ = {
			isa = PBXSourcesBuildPhase;
			buildActionMask = 2147483647;
			files = (
				1755BD8118B6875800CC2AB7 /* SDWebImageDownloader.m in Sources */,
				1755BD1018B6342500CC2AB7 /* ASIAuthenticationDialog.m in Sources */,
				1755BD1118B6342500CC2AB7 /* ASIDataCompressor.m in Sources */,
				1755BD9218B755F500CC2AB7 /* VSSecondViewCell.m in Sources */,
				1755BD8418B6875800CC2AB7 /* SDWebImagePrefetcher.m in Sources */,
				1755BCF818B6340F00CC2AB7 /* VSReleaseObject.m in Sources */,
				1755BD2B18B6516F00CC2AB7 /* VSMasterCollectionViewCell.m in Sources */,
				1755BD8718B6875800CC2AB7 /* UIImage+MultiFormat.m in Sources */,
				1755BD8818B6875800CC2AB7 /* UIImage+WebP.m in Sources */,
				1755BCF718B6340F00CC2AB7 /* VSObjectSearchList.m in Sources */,
				1755BD1518B6342500CC2AB7 /* ASIHTTPRequest.m in Sources */,
				1755BD2118B63F2800CC2AB7 /* VSMasterObject.m in Sources */,
				1755BD7D18B6875800CC2AB7 /* NSData+GIF.m in Sources */,
				1755BD2718B6402400CC2AB7 /* VSViewController.m in Sources */,
				1755BD1418B6342500CC2AB7 /* ASIFormDataRequest.m in Sources */,
				1755BD8918B6875800CC2AB7 /* UIImageView+WebCache.m in Sources */,
				1755BD1318B6342500CC2AB7 /* ASIDownloadCache.m in Sources */,
				1755BD8F18B74C0D00CC2AB7 /* VSThirdViewController.m in Sources */,
				1755BD1618B6342500CC2AB7 /* ASIInputStream.m in Sources */,
				1755BD3C18B6555F00CC2AB7 /* VSHeaderView.m in Sources */,
				1755BD1218B6342500CC2AB7 /* ASIDataDecompressor.m in Sources */,
				1755BD1818B6342500CC2AB7 /* Reachability.m in Sources */,
				1755BD8C18B7464B00CC2AB7 /* VSSecondLevelViewController.m in Sources */,
				1755BD1718B6342500CC2AB7 /* ASINetworkQueue.m in Sources */,
				1755BD8318B6875800CC2AB7 /* SDWebImageManager.m in Sources */,
				1755BD8018B6875800CC2AB7 /* SDWebImageDecoder.m in Sources */,
				1755BD8218B6875800CC2AB7 /* SDWebImageDownloaderOperation.m in Sources */,
				1755BCC818B633B900CC2AB7 /* main.m in Sources */,
				1755BCCC18B633B900CC2AB7 /* VSAppDelegate.m in Sources */,
				1755BD7C18B6875800CC2AB7 /* MKAnnotationView+WebCache.m in Sources */,
				1755BD7F18B6875800CC2AB7 /* SDWebImageCompat.m in Sources */,
				1755BD8518B6875800CC2AB7 /* UIButton+WebCache.m in Sources */,
				1755BD8618B6875800CC2AB7 /* UIImage+GIF.m in Sources */,
				1755BD7E18B6875800CC2AB7 /* SDImageCache.m in Sources */,
			);
			runOnlyForDeploymentPostprocessing = 0;
		};
		1755BCD518B633BA00CC2AB7 /* Sources */ = {
			isa = PBXSourcesBuildPhase;
			buildActionMask = 2147483647;
			files = (
				1755BCE718B633BA00CC2AB7 /* Vsearcher2Tests.m in Sources */,
			);
			runOnlyForDeploymentPostprocessing = 0;
		};
/* End PBXSourcesBuildPhase section */

/* Begin PBXTargetDependency section */
		1755BCDF18B633BA00CC2AB7 /* PBXTargetDependency */ = {
			isa = PBXTargetDependency;
			target = 1755BCB718B633B900CC2AB7 /* Vsearcher2 */;
			targetProxy = 1755BCDE18B633BA00CC2AB7 /* PBXContainerItemProxy */;
		};
/* End PBXTargetDependency section */

/* Begin PBXVariantGroup section */
		1755BCC418B633B900CC2AB7 /* InfoPlist.strings */ = {
			isa = PBXVariantGroup;
			children = (
				1755BCC518B633B900CC2AB7 /* en */,
			);
			name = InfoPlist.strings;
			sourceTree = "<group>";
		};
		1755BCCD18B633B900CC2AB7 /* Main.storyboard */ = {
			isa = PBXVariantGroup;
			children = (
				1755BCCE18B633B900CC2AB7 /* Base */,
			);
			name = Main.storyboard;
			sourceTree = "<group>";
		};
		1755BCE318B633BA00CC2AB7 /* InfoPlist.strings */ = {
			isa = PBXVariantGroup;
			children = (
				1755BCE418B633BA00CC2AB7 /* en */,
			);
			name = InfoPlist.strings;
			sourceTree = "<group>";
		};
/* End PBXVariantGroup section */

/* Begin XCBuildConfiguration section */
		1755BCE818B633BA00CC2AB7 /* Debug */ = {
			isa = XCBuildConfiguration;
			buildSettings = {
				ALWAYS_SEARCH_USER_PATHS = NO;
				ARCHS = "$(ARCHS_STANDARD_INCLUDING_64_BIT)";
				CLANG_CXX_LANGUAGE_STANDARD = "gnu++0x";
				CLANG_CXX_LIBRARY = "libc++";
				CLANG_ENABLE_MODULES = YES;
				CLANG_ENABLE_OBJC_ARC = YES;
				CLANG_WARN_BOOL_CONVERSION = YES;
				CLANG_WARN_CONSTANT_CONVERSION = YES;
				CLANG_WARN_DIRECT_OBJC_ISA_USAGE = YES_ERROR;
				CLANG_WARN_EMPTY_BODY = YES;
				CLANG_WARN_ENUM_CONVERSION = YES;
				CLANG_WARN_INT_CONVERSION = YES;
				CLANG_WARN_OBJC_ROOT_CLASS = YES_ERROR;
				CLANG_WARN__DUPLICATE_METHOD_MATCH = YES;
				"CODE_SIGN_IDENTITY[sdk=iphoneos*]" = "iPhone Developer";
				COPY_PHASE_STRIP = NO;
				GCC_C_LANGUAGE_STANDARD = gnu99;
				GCC_DYNAMIC_NO_PIC = NO;
				GCC_OPTIMIZATION_LEVEL = 0;
				GCC_PREPROCESSOR_DEFINITIONS = (
					"DEBUG=1",
					"$(inherited)",
				);
				GCC_SYMBOLS_PRIVATE_EXTERN = NO;
				GCC_WARN_64_TO_32_BIT_CONVERSION = YES;
				GCC_WARN_ABOUT_RETURN_TYPE = YES_ERROR;
				GCC_WARN_UNDECLARED_SELECTOR = YES;
				GCC_WARN_UNINITIALIZED_AUTOS = YES;
				GCC_WARN_UNUSED_FUNCTION = YES;
				GCC_WARN_UNUSED_VARIABLE = YES;
				IPHONEOS_DEPLOYMENT_TARGET = 7.0;
				ONLY_ACTIVE_ARCH = YES;
				SDKROOT = iphoneos;
			};
			name = Debug;
		};
		1755BCE918B633BA00CC2AB7 /* Release */ = {
			isa = XCBuildConfiguration;
			buildSettings = {
				ALWAYS_SEARCH_USER_PATHS = NO;
				ARCHS = "$(ARCHS_STANDARD_INCLUDING_64_BIT)";
				CLANG_CXX_LANGUAGE_STANDARD = "gnu++0x";
				CLANG_CXX_LIBRARY = "libc++";
				CLANG_ENABLE_MODULES = YES;
				CLANG_ENABLE_OBJC_ARC = YES;
				CLANG_WARN_BOOL_CONVERSION = YES;
				CLANG_WARN_CONSTANT_CONVERSION = YES;
				CLANG_WARN_DIRECT_OBJC_ISA_USAGE = YES_ERROR;
				CLANG_WARN_EMPTY_BODY = YES;
				CLANG_WARN_ENUM_CONVERSION = YES;
				CLANG_WARN_INT_CONVERSION = YES;
				CLANG_WARN_OBJC_ROOT_CLASS = YES_ERROR;
				CLANG_WARN__DUPLICATE_METHOD_MATCH = YES;
				"CODE_SIGN_IDENTITY[sdk=iphoneos*]" = "iPhone Developer";
				COPY_PHASE_STRIP = YES;
				ENABLE_NS_ASSERTIONS = NO;
				GCC_C_LANGUAGE_STANDARD = gnu99;
				GCC_WARN_64_TO_32_BIT_CONVERSION = YES;
				GCC_WARN_ABOUT_RETURN_TYPE = YES_ERROR;
				GCC_WARN_UNDECLARED_SELECTOR = YES;
				GCC_WARN_UNINITIALIZED_AUTOS = YES;
				GCC_WARN_UNUSED_FUNCTION = YES;
				GCC_WARN_UNUSED_VARIABLE = YES;
				IPHONEOS_DEPLOYMENT_TARGET = 7.0;
				SDKROOT = iphoneos;
				VALIDATE_PRODUCT = YES;
			};
			name = Release;
		};
		1755BCEB18B633BA00CC2AB7 /* Debug */ = {
			isa = XCBuildConfiguration;
			buildSettings = {
				ASSETCATALOG_COMPILER_APPICON_NAME = AppIcon;
				ASSETCATALOG_COMPILER_LAUNCHIMAGE_NAME = LaunchImage;
				GCC_PRECOMPILE_PREFIX_HEADER = YES;
				GCC_PREFIX_HEADER = "Vsearcher2/Vsearcher2-Prefix.pch";
				HEADER_SEARCH_PATHS = (
					"$(inherited)",
					/Applications/Xcode.app/Contents/Developer/Toolchains/XcodeDefault.xctoolchain/usr/include,
					"$(SRCROOT)/OAuth2Client/**",
				);
				INFOPLIST_FILE = "Vsearcher2/Vsearcher2-Info.plist";
				OTHER_LDFLAGS = "-ObjC";
				PRODUCT_NAME = "$(TARGET_NAME)";
				WRAPPER_EXTENSION = app;
			};
			name = Debug;
		};
		1755BCEC18B633BA00CC2AB7 /* Release */ = {
			isa = XCBuildConfiguration;
			buildSettings = {
				ASSETCATALOG_COMPILER_APPICON_NAME = AppIcon;
				ASSETCATALOG_COMPILER_LAUNCHIMAGE_NAME = LaunchImage;
				GCC_PRECOMPILE_PREFIX_HEADER = YES;
				GCC_PREFIX_HEADER = "Vsearcher2/Vsearcher2-Prefix.pch";
				HEADER_SEARCH_PATHS = (
					"$(inherited)",
					/Applications/Xcode.app/Contents/Developer/Toolchains/XcodeDefault.xctoolchain/usr/include,
					"$(SRCROOT)/OAuth2Client/**",
				);
				INFOPLIST_FILE = "Vsearcher2/Vsearcher2-Info.plist";
				OTHER_LDFLAGS = "-ObjC";
				PRODUCT_NAME = "$(TARGET_NAME)";
				WRAPPER_EXTENSION = app;
			};
			name = Release;
		};
		1755BCEE18B633BA00CC2AB7 /* Debug */ = {
			isa = XCBuildConfiguration;
			buildSettings = {
				ARCHS = "$(ARCHS_STANDARD_INCLUDING_64_BIT)";
				BUNDLE_LOADER = "$(BUILT_PRODUCTS_DIR)/Vsearcher2.app/Vsearcher2";
				FRAMEWORK_SEARCH_PATHS = (
					"$(SDKROOT)/Developer/Library/Frameworks",
					"$(inherited)",
					"$(DEVELOPER_FRAMEWORKS_DIR)",
				);
				GCC_PRECOMPILE_PREFIX_HEADER = YES;
				GCC_PREFIX_HEADER = "Vsearcher2/Vsearcher2-Prefix.pch";
				GCC_PREPROCESSOR_DEFINITIONS = (
					"DEBUG=1",
					"$(inherited)",
				);
				INFOPLIST_FILE = "Vsearcher2Tests/Vsearcher2Tests-Info.plist";
				PRODUCT_NAME = "$(TARGET_NAME)";
				TEST_HOST = "$(BUNDLE_LOADER)";
				WRAPPER_EXTENSION = xctest;
			};
			name = Debug;
		};
		1755BCEF18B633BA00CC2AB7 /* Release */ = {
			isa = XCBuildConfiguration;
			buildSettings = {
				ARCHS = "$(ARCHS_STANDARD_INCLUDING_64_BIT)";
				BUNDLE_LOADER = "$(BUILT_PRODUCTS_DIR)/Vsearcher2.app/Vsearcher2";
				FRAMEWORK_SEARCH_PATHS = (
					"$(SDKROOT)/Developer/Library/Frameworks",
					"$(inherited)",
					"$(DEVELOPER_FRAMEWORKS_DIR)",
				);
				GCC_PRECOMPILE_PREFIX_HEADER = YES;
				GCC_PREFIX_HEADER = "Vsearcher2/Vsearcher2-Prefix.pch";
				INFOPLIST_FILE = "Vsearcher2Tests/Vsearcher2Tests-Info.plist";
				PRODUCT_NAME = "$(TARGET_NAME)";
				TEST_HOST = "$(BUNDLE_LOADER)";
				WRAPPER_EXTENSION = xctest;
			};
			name = Release;
		};
/* End XCBuildConfiguration section */

/* Begin XCConfigurationList section */
		1755BCB318B633B900CC2AB7 /* Build configuration list for PBXProject "Vsearcher2" */ = {
			isa = XCConfigurationList;
			buildConfigurations = (
				1755BCE818B633BA00CC2AB7 /* Debug */,
				1755BCE918B633BA00CC2AB7 /* Release */,
			);
			defaultConfigurationIsVisible = 0;
			defaultConfigurationName = Release;
		};
		1755BCEA18B633BA00CC2AB7 /* Build configuration list for PBXNativeTarget "Vsearcher2" */ = {
			isa = XCConfigurationList;
			buildConfigurations = (
				1755BCEB18B633BA00CC2AB7 /* Debug */,
				1755BCEC18B633BA00CC2AB7 /* Release */,
			);
			defaultConfigurationIsVisible = 0;
		};
		1755BCED18B633BA00CC2AB7 /* Build configuration list for PBXNativeTarget "Vsearcher2Tests" */ = {
			isa = XCConfigurationList;
			buildConfigurations = (
				1755BCEE18B633BA00CC2AB7 /* Debug */,
				1755BCEF18B633BA00CC2AB7 /* Release */,
			);
			defaultConfigurationIsVisible = 0;
		};
/* End XCConfigurationList section */
	};
	rootObject = 1755BCB018B633B900CC2AB7 /* Project object */;
}
